// !$*UTF8*$!
{
	archiveVersion = 1;
	classes = {
	};
	objectVersion = 55;
	objects = {

/* Begin PBXBuildFile section */
		7277664927C4CD730005ECF1 /* CardDeck.swift in Sources */ = {isa = PBXBuildFile; fileRef = 7277664827C4CD730005ECF1 /* CardDeck.swift */; };
		72A82E5127C343920044C900 /* AppDelegate.swift in Sources */ = {isa = PBXBuildFile; fileRef = 72A82E5027C343920044C900 /* AppDelegate.swift */; };
		72A82E5327C343920044C900 /* SceneDelegate.swift in Sources */ = {isa = PBXBuildFile; fileRef = 72A82E5227C343920044C900 /* SceneDelegate.swift */; };
		72A82E5527C343920044C900 /* ViewController.swift in Sources */ = {isa = PBXBuildFile; fileRef = 72A82E5427C343920044C900 /* ViewController.swift */; };
		72A82E5827C343920044C900 /* Main.storyboard in Resources */ = {isa = PBXBuildFile; fileRef = 72A82E5627C343920044C900 /* Main.storyboard */; };
		72A82E5A27C343930044C900 /* Assets.xcassets in Resources */ = {isa = PBXBuildFile; fileRef = 72A82E5927C343930044C900 /* Assets.xcassets */; };
		72A82E5D27C343930044C900 /* LaunchScreen.storyboard in Resources */ = {isa = PBXBuildFile; fileRef = 72A82E5B27C343930044C900 /* LaunchScreen.storyboard */; };
		72A82E6527C355120044C900 /* README.md in Resources */ = {isa = PBXBuildFile; fileRef = 72A82E6427C355110044C900 /* README.md */; };
		72BB508227C6081E00D93383 /* PockerGameAppTests.swift in Sources */ = {isa = PBXBuildFile; fileRef = 72BB508127C6081E00D93383 /* PockerGameAppTests.swift */; };
		72F3982527C3836A001FDF3E /* PockerCard.swift in Sources */ = {isa = PBXBuildFile; fileRef = 72F3982427C3836A001FDF3E /* PockerCard.swift */; };
/* End PBXBuildFile section */

/* Begin PBXContainerItemProxy section */
		72BB507C27C607A500D93383 /* PBXContainerItemProxy */ = {
			isa = PBXContainerItemProxy;
			containerPortal = 72A82E4527C343920044C900 /* Project object */;
			proxyType = 1;
			remoteGlobalIDString = 72A82E4C27C343920044C900;
			remoteInfo = PockerGameApp;
		};
/* End PBXContainerItemProxy section */

/* Begin PBXFileReference section */
		7277664827C4CD730005ECF1 /* CardDeck.swift */ = {isa = PBXFileReference; lastKnownFileType = sourcecode.swift; path = CardDeck.swift; sourceTree = "<group>"; };
		72A82E4D27C343920044C900 /* PockerGameApp.app */ = {isa = PBXFileReference; explicitFileType = wrapper.application; includeInIndex = 0; path = PockerGameApp.app; sourceTree = BUILT_PRODUCTS_DIR; };
		72A82E5027C343920044C900 /* AppDelegate.swift */ = {isa = PBXFileReference; lastKnownFileType = sourcecode.swift; path = AppDelegate.swift; sourceTree = "<group>"; };
		72A82E5227C343920044C900 /* SceneDelegate.swift */ = {isa = PBXFileReference; lastKnownFileType = sourcecode.swift; path = SceneDelegate.swift; sourceTree = "<group>"; };
		72A82E5427C343920044C900 /* ViewController.swift */ = {isa = PBXFileReference; lastKnownFileType = sourcecode.swift; path = ViewController.swift; sourceTree = "<group>"; };
		72A82E5727C343920044C900 /* Base */ = {isa = PBXFileReference; lastKnownFileType = file.storyboard; name = Base; path = Base.lproj/Main.storyboard; sourceTree = "<group>"; };
		72A82E5927C343930044C900 /* Assets.xcassets */ = {isa = PBXFileReference; lastKnownFileType = folder.assetcatalog; path = Assets.xcassets; sourceTree = "<group>"; };
		72A82E5C27C343930044C900 /* Base */ = {isa = PBXFileReference; lastKnownFileType = file.storyboard; name = Base; path = Base.lproj/LaunchScreen.storyboard; sourceTree = "<group>"; };
		72A82E5E27C343930044C900 /* Info.plist */ = {isa = PBXFileReference; lastKnownFileType = text.plist.xml; path = Info.plist; sourceTree = "<group>"; };
		72A82E6427C355110044C900 /* README.md */ = {isa = PBXFileReference; fileEncoding = 4; lastKnownFileType = net.daringfireball.markdown; name = README.md; path = ../README.md; sourceTree = "<group>"; };
		72BB507827C607A500D93383 /* PockerGameAppTests.xctest */ = {isa = PBXFileReference; explicitFileType = wrapper.cfbundle; includeInIndex = 0; path = PockerGameAppTests.xctest; sourceTree = BUILT_PRODUCTS_DIR; };
		72BB508127C6081E00D93383 /* PockerGameAppTests.swift */ = {isa = PBXFileReference; lastKnownFileType = sourcecode.swift; name = PockerGameAppTests.swift; path = PockerGameApp/PockerGameAppTests.swift; sourceTree = SOURCE_ROOT; };
		72F3982427C3836A001FDF3E /* PockerCard.swift */ = {isa = PBXFileReference; lastKnownFileType = sourcecode.swift; path = PockerCard.swift; sourceTree = "<group>"; };
/* End PBXFileReference section */

/* Begin PBXFrameworksBuildPhase section */
		72A82E4A27C343920044C900 /* Frameworks */ = {
			isa = PBXFrameworksBuildPhase;
			buildActionMask = 2147483647;
			files = (
			);
			runOnlyForDeploymentPostprocessing = 0;
		};
		72BB507527C607A500D93383 /* Frameworks */ = {
			isa = PBXFrameworksBuildPhase;
			buildActionMask = 2147483647;
			files = (
			);
			runOnlyForDeploymentPostprocessing = 0;
		};
/* End PBXFrameworksBuildPhase section */

/* Begin PBXGroup section */
		72A82E4427C343920044C900 = {
			isa = PBXGroup;
			children = (
				72A82E6427C355110044C900 /* README.md */,
				72A82E4F27C343920044C900 /* PockerGameApp */,
				72BB507927C607A500D93383 /* PockerGameAppTests */,
				72A82E4E27C343920044C900 /* Products */,
			);
			sourceTree = "<group>";
		};
		72A82E4E27C343920044C900 /* Products */ = {
			isa = PBXGroup;
			children = (
				72A82E4D27C343920044C900 /* PockerGameApp.app */,
				72BB507827C607A500D93383 /* PockerGameAppTests.xctest */,
			);
			name = Products;
			sourceTree = "<group>";
		};
		72A82E4F27C343920044C900 /* PockerGameApp */ = {
			isa = PBXGroup;
			children = (
				72A82E5027C343920044C900 /* AppDelegate.swift */,
				72A82E5227C343920044C900 /* SceneDelegate.swift */,
				72A82E5427C343920044C900 /* ViewController.swift */,
				72F3982427C3836A001FDF3E /* PockerCard.swift */,
				7277664827C4CD730005ECF1 /* CardDeck.swift */,
				72A82E5627C343920044C900 /* Main.storyboard */,
				72A82E5927C343930044C900 /* Assets.xcassets */,
				72A82E5B27C343930044C900 /* LaunchScreen.storyboard */,
				72A82E5E27C343930044C900 /* Info.plist */,
			);
			path = PockerGameApp;
			sourceTree = "<group>";
		};
		72BB507927C607A500D93383 /* PockerGameAppTests */ = {
			isa = PBXGroup;
			children = (
				72BB508127C6081E00D93383 /* PockerGameAppTests.swift */,
			);
			path = PockerGameAppTests;
			sourceTree = "<group>";
		};
/* End PBXGroup section */

/* Begin PBXNativeTarget section */
		72A82E4C27C343920044C900 /* PockerGameApp */ = {
			isa = PBXNativeTarget;
			buildConfigurationList = 72A82E6127C343930044C900 /* Build configuration list for PBXNativeTarget "PockerGameApp" */;
			buildPhases = (
				72A82E4927C343920044C900 /* Sources */,
				72A82E4A27C343920044C900 /* Frameworks */,
				72A82E4B27C343920044C900 /* Resources */,
			);
			buildRules = (
			);
			dependencies = (
			);
			name = PockerGameApp;
			productName = PockerGameApp;
			productReference = 72A82E4D27C343920044C900 /* PockerGameApp.app */;
			productType = "com.apple.product-type.application";
		};
		72BB507727C607A500D93383 /* PockerGameAppTests */ = {
			isa = PBXNativeTarget;
			buildConfigurationList = 72BB507E27C607A500D93383 /* Build configuration list for PBXNativeTarget "PockerGameAppTests" */;
			buildPhases = (
				72BB507427C607A500D93383 /* Sources */,
				72BB507527C607A500D93383 /* Frameworks */,
				72BB507627C607A500D93383 /* Resources */,
			);
			buildRules = (
			);
			dependencies = (
				72BB507D27C607A500D93383 /* PBXTargetDependency */,
			);
			name = PockerGameAppTests;
			productName = PockerGameAppTests;
			productReference = 72BB507827C607A500D93383 /* PockerGameAppTests.xctest */;
			productType = "com.apple.product-type.bundle.unit-test";
		};
/* End PBXNativeTarget section */

/* Begin PBXProject section */
		72A82E4527C343920044C900 /* Project object */ = {
			isa = PBXProject;
			attributes = {
				BuildIndependentTargetsInParallel = 1;
				LastSwiftUpdateCheck = 1320;
				LastUpgradeCheck = 1320;
				TargetAttributes = {
					72A82E4C27C343920044C900 = {
						CreatedOnToolsVersion = 13.2.1;
					};
					72BB507727C607A500D93383 = {
						CreatedOnToolsVersion = 13.2.1;
						TestTargetID = 72A82E4C27C343920044C900;
					};
				};
			};
			buildConfigurationList = 72A82E4827C343920044C900 /* Build configuration list for PBXProject "PockerGameApp" */;
			compatibilityVersion = "Xcode 13.0";
			developmentRegion = en;
			hasScannedForEncodings = 0;
			knownRegions = (
				en,
				Base,
			);
			mainGroup = 72A82E4427C343920044C900;
			productRefGroup = 72A82E4E27C343920044C900 /* Products */;
			projectDirPath = "";
			projectRoot = "";
			targets = (
				72A82E4C27C343920044C900 /* PockerGameApp */,
				72BB507727C607A500D93383 /* PockerGameAppTests */,
			);
		};
/* End PBXProject section */

/* Begin PBXResourcesBuildPhase section */
		72A82E4B27C343920044C900 /* Resources */ = {
			isa = PBXResourcesBuildPhase;
			buildActionMask = 2147483647;
			files = (
				72A82E5D27C343930044C900 /* LaunchScreen.storyboard in Resources */,
				72A82E5A27C343930044C900 /* Assets.xcassets in Resources */,
				72A82E6527C355120044C900 /* README.md in Resources */,
				72A82E5827C343920044C900 /* Main.storyboard in Resources */,
			);
			runOnlyForDeploymentPostprocessing = 0;
		};
		72BB507627C607A500D93383 /* Resources */ = {
			isa = PBXResourcesBuildPhase;
			buildActionMask = 2147483647;
			files = (
			);
			runOnlyForDeploymentPostprocessing = 0;
		};
/* End PBXResourcesBuildPhase section */

/* Begin PBXSourcesBuildPhase section */
		72A82E4927C343920044C900 /* Sources */ = {
			isa = PBXSourcesBuildPhase;
			buildActionMask = 2147483647;
			files = (
				72A82E5527C343920044C900 /* ViewController.swift in Sources */,
				7277664927C4CD730005ECF1 /* CardDeck.swift in Sources */,
				72A82E5127C343920044C900 /* AppDelegate.swift in Sources */,
				72A82E5327C343920044C900 /* SceneDelegate.swift in Sources */,
				72F3982527C3836A001FDF3E /* PockerCard.swift in Sources */,
			);
			runOnlyForDeploymentPostprocessing = 0;
		};
		72BB507427C607A500D93383 /* Sources */ = {
			isa = PBXSourcesBuildPhase;
			buildActionMask = 2147483647;
			files = (
				72BB508227C6081E00D93383 /* PockerGameAppTests.swift in Sources */,
			);
			runOnlyForDeploymentPostprocessing = 0;
		};
/* End PBXSourcesBuildPhase section */

/* Begin PBXTargetDependency section */
		72BB507D27C607A500D93383 /* PBXTargetDependency */ = {
			isa = PBXTargetDependency;
			target = 72A82E4C27C343920044C900 /* PockerGameApp */;
			targetProxy = 72BB507C27C607A500D93383 /* PBXContainerItemProxy */;
		};
/* End PBXTargetDependency section */

/* Begin PBXVariantGroup section */
		72A82E5627C343920044C900 /* Main.storyboard */ = {
			isa = PBXVariantGroup;
			children = (
				72A82E5727C343920044C900 /* Base */,
			);
			name = Main.storyboard;
			sourceTree = "<group>";
		};
		72A82E5B27C343930044C900 /* LaunchScreen.storyboard */ = {
			isa = PBXVariantGroup;
			children = (
				72A82E5C27C343930044C900 /* Base */,
			);
			name = LaunchScreen.storyboard;
			sourceTree = "<group>";
		};
/* End PBXVariantGroup section */

/* Begin XCBuildConfiguration section */
		72A82E5F27C343930044C900 /* Debug */ = {
			isa = XCBuildConfiguration;
			buildSettings = {
				ALWAYS_SEARCH_USER_PATHS = NO;
				CLANG_ANALYZER_NONNULL = YES;
				CLANG_ANALYZER_NUMBER_OBJECT_CONVERSION = YES_AGGRESSIVE;
				CLANG_CXX_LANGUAGE_STANDARD = "gnu++17";
				CLANG_CXX_LIBRARY = "libc++";
				CLANG_ENABLE_MODULES = YES;
				CLANG_ENABLE_OBJC_ARC = YES;
				CLANG_ENABLE_OBJC_WEAK = YES;
				CLANG_WARN_BLOCK_CAPTURE_AUTORELEASING = YES;
				CLANG_WARN_BOOL_CONVERSION = YES;
				CLANG_WARN_COMMA = YES;
				CLANG_WARN_CONSTANT_CONVERSION = YES;
				CLANG_WARN_DEPRECATED_OBJC_IMPLEMENTATIONS = YES;
				CLANG_WARN_DIRECT_OBJC_ISA_USAGE = YES_ERROR;
				CLANG_WARN_DOCUMENTATION_COMMENTS = YES;
				CLANG_WARN_EMPTY_BODY = YES;
				CLANG_WARN_ENUM_CONVERSION = YES;
				CLANG_WARN_INFINITE_RECURSION = YES;
				CLANG_WARN_INT_CONVERSION = YES;
				CLANG_WARN_NON_LITERAL_NULL_CONVERSION = YES;
				CLANG_WARN_OBJC_IMPLICIT_RETAIN_SELF = YES;
				CLANG_WARN_OBJC_LITERAL_CONVERSION = YES;
				CLANG_WARN_OBJC_ROOT_CLASS = YES_ERROR;
				CLANG_WARN_QUOTED_INCLUDE_IN_FRAMEWORK_HEADER = YES;
				CLANG_WARN_RANGE_LOOP_ANALYSIS = YES;
				CLANG_WARN_STRICT_PROTOTYPES = YES;
				CLANG_WARN_SUSPICIOUS_MOVE = YES;
				CLANG_WARN_UNGUARDED_AVAILABILITY = YES_AGGRESSIVE;
				CLANG_WARN_UNREACHABLE_CODE = YES;
				CLANG_WARN__DUPLICATE_METHOD_MATCH = YES;
				COPY_PHASE_STRIP = NO;
				DEBUG_INFORMATION_FORMAT = dwarf;
				ENABLE_STRICT_OBJC_MSGSEND = YES;
				ENABLE_TESTABILITY = YES;
				GCC_C_LANGUAGE_STANDARD = gnu11;
				GCC_DYNAMIC_NO_PIC = NO;
				GCC_NO_COMMON_BLOCKS = YES;
				GCC_OPTIMIZATION_LEVEL = 0;
				GCC_PREPROCESSOR_DEFINITIONS = (
					"DEBUG=1",
					"$(inherited)",
				);
				GCC_WARN_64_TO_32_BIT_CONVERSION = YES;
				GCC_WARN_ABOUT_RETURN_TYPE = YES_ERROR;
				GCC_WARN_UNDECLARED_SELECTOR = YES;
				GCC_WARN_UNINITIALIZED_AUTOS = YES_AGGRESSIVE;
				GCC_WARN_UNUSED_FUNCTION = YES;
				GCC_WARN_UNUSED_VARIABLE = YES;
				IPHONEOS_DEPLOYMENT_TARGET = 15.2;
				MTL_ENABLE_DEBUG_INFO = INCLUDE_SOURCE;
				MTL_FAST_MATH = YES;
				ONLY_ACTIVE_ARCH = YES;
				SDKROOT = iphoneos;
				SWIFT_ACTIVE_COMPILATION_CONDITIONS = DEBUG;
				SWIFT_OPTIMIZATION_LEVEL = "-Onone";
			};
			name = Debug;
		};
		72A82E6027C343930044C900 /* Release */ = {
			isa = XCBuildConfiguration;
			buildSettings = {
				ALWAYS_SEARCH_USER_PATHS = NO;
				CLANG_ANALYZER_NONNULL = YES;
				CLANG_ANALYZER_NUMBER_OBJECT_CONVERSION = YES_AGGRESSIVE;
				CLANG_CXX_LANGUAGE_STANDARD = "gnu++17";
				CLANG_CXX_LIBRARY = "libc++";
				CLANG_ENABLE_MODULES = YES;
				CLANG_ENABLE_OBJC_ARC = YES;
				CLANG_ENABLE_OBJC_WEAK = YES;
				CLANG_WARN_BLOCK_CAPTURE_AUTORELEASING = YES;
				CLANG_WARN_BOOL_CONVERSION = YES;
				CLANG_WARN_COMMA = YES;
				CLANG_WARN_CONSTANT_CONVERSION = YES;
				CLANG_WARN_DEPRECATED_OBJC_IMPLEMENTATIONS = YES;
				CLANG_WARN_DIRECT_OBJC_ISA_USAGE = YES_ERROR;
				CLANG_WARN_DOCUMENTATION_COMMENTS = YES;
				CLANG_WARN_EMPTY_BODY = YES;
				CLANG_WARN_ENUM_CONVERSION = YES;
				CLANG_WARN_INFINITE_RECURSION = YES;
				CLANG_WARN_INT_CONVERSION = YES;
				CLANG_WARN_NON_LITERAL_NULL_CONVERSION = YES;
				CLANG_WARN_OBJC_IMPLICIT_RETAIN_SELF = YES;
				CLANG_WARN_OBJC_LITERAL_CONVERSION = YES;
				CLANG_WARN_OBJC_ROOT_CLASS = YES_ERROR;
				CLANG_WARN_QUOTED_INCLUDE_IN_FRAMEWORK_HEADER = YES;
				CLANG_WARN_RANGE_LOOP_ANALYSIS = YES;
				CLANG_WARN_STRICT_PROTOTYPES = YES;
				CLANG_WARN_SUSPICIOUS_MOVE = YES;
				CLANG_WARN_UNGUARDED_AVAILABILITY = YES_AGGRESSIVE;
				CLANG_WARN_UNREACHABLE_CODE = YES;
				CLANG_WARN__DUPLICATE_METHOD_MATCH = YES;
				COPY_PHASE_STRIP = NO;
				DEBUG_INFORMATION_FORMAT = "dwarf-with-dsym";
				ENABLE_NS_ASSERTIONS = NO;
				ENABLE_STRICT_OBJC_MSGSEND = YES;
				GCC_C_LANGUAGE_STANDARD = gnu11;
				GCC_NO_COMMON_BLOCKS = YES;
				GCC_WARN_64_TO_32_BIT_CONVERSION = YES;
				GCC_WARN_ABOUT_RETURN_TYPE = YES_ERROR;
				GCC_WARN_UNDECLARED_SELECTOR = YES;
				GCC_WARN_UNINITIALIZED_AUTOS = YES_AGGRESSIVE;
				GCC_WARN_UNUSED_FUNCTION = YES;
				GCC_WARN_UNUSED_VARIABLE = YES;
				IPHONEOS_DEPLOYMENT_TARGET = 15.2;
				MTL_ENABLE_DEBUG_INFO = NO;
				MTL_FAST_MATH = YES;
				SDKROOT = iphoneos;
				SWIFT_COMPILATION_MODE = wholemodule;
				SWIFT_OPTIMIZATION_LEVEL = "-O";
				VALIDATE_PRODUCT = YES;
			};
			name = Release;
		};
		72A82E6227C343930044C900 /* Debug */ = {
			isa = XCBuildConfiguration;
			buildSettings = {
				ASSETCATALOG_COMPILER_APPICON_NAME = AppIcon;
				ASSETCATALOG_COMPILER_GLOBAL_ACCENT_COLOR_NAME = AccentColor;
				CODE_SIGN_STYLE = Automatic;
				CURRENT_PROJECT_VERSION = 1;
				DEVELOPMENT_TEAM = LHMNAPQ6N7;
				GENERATE_INFOPLIST_FILE = YES;
				INFOPLIST_FILE = PockerGameApp/Info.plist;
				INFOPLIST_KEY_UIApplicationSupportsIndirectInputEvents = YES;
				INFOPLIST_KEY_UILaunchStoryboardName = LaunchScreen;
				INFOPLIST_KEY_UIMainStoryboardFile = Main;
				INFOPLIST_KEY_UISupportedInterfaceOrientations_iPad = "UIInterfaceOrientationPortrait UIInterfaceOrientationPortraitUpsideDown UIInterfaceOrientationLandscapeLeft UIInterfaceOrientationLandscapeRight";
				INFOPLIST_KEY_UISupportedInterfaceOrientations_iPhone = "UIInterfaceOrientationPortrait UIInterfaceOrientationLandscapeLeft UIInterfaceOrientationLandscapeRight";
				LD_RUNPATH_SEARCH_PATHS = (
					"$(inherited)",
					"@executable_path/Frameworks",
				);
				MARKETING_VERSION = 1.0;
				PRODUCT_BUNDLE_IDENTIFIER = practice.PockerGameApp;
				PRODUCT_NAME = "$(TARGET_NAME)";
				SWIFT_EMIT_LOC_STRINGS = YES;
				SWIFT_VERSION = 5.0;
				TARGETED_DEVICE_FAMILY = "1,2";
			};
			name = Debug;
		};
		72A82E6327C343930044C900 /* Release */ = {
			isa = XCBuildConfiguration;
			buildSettings = {
				ASSETCATALOG_COMPILER_APPICON_NAME = AppIcon;
				ASSETCATALOG_COMPILER_GLOBAL_ACCENT_COLOR_NAME = AccentColor;
				CODE_SIGN_STYLE = Automatic;
				CURRENT_PROJECT_VERSION = 1;
				DEVELOPMENT_TEAM = LHMNAPQ6N7;
				GENERATE_INFOPLIST_FILE = YES;
				INFOPLIST_FILE = PockerGameApp/Info.plist;
				INFOPLIST_KEY_UIApplicationSupportsIndirectInputEvents = YES;
				INFOPLIST_KEY_UILaunchStoryboardName = LaunchScreen;
				INFOPLIST_KEY_UIMainStoryboardFile = Main;
				INFOPLIST_KEY_UISupportedInterfaceOrientations_iPad = "UIInterfaceOrientationPortrait UIInterfaceOrientationPortraitUpsideDown UIInterfaceOrientationLandscapeLeft UIInterfaceOrientationLandscapeRight";
				INFOPLIST_KEY_UISupportedInterfaceOrientations_iPhone = "UIInterfaceOrientationPortrait UIInterfaceOrientationLandscapeLeft UIInterfaceOrientationLandscapeRight";
				LD_RUNPATH_SEARCH_PATHS = (
					"$(inherited)",
					"@executable_path/Frameworks",
				);
				MARKETING_VERSION = 1.0;
				PRODUCT_BUNDLE_IDENTIFIER = practice.PockerGameApp;
				PRODUCT_NAME = "$(TARGET_NAME)";
				SWIFT_EMIT_LOC_STRINGS = YES;
				SWIFT_VERSION = 5.0;
				TARGETED_DEVICE_FAMILY = "1,2";
			};
			name = Release;
		};
		72BB507F27C607A500D93383 /* Debug */ = {
			isa = XCBuildConfiguration;
			buildSettings = {
				BUNDLE_LOADER = "$(TEST_HOST)";
				CODE_SIGN_STYLE = Automatic;
				CURRENT_PROJECT_VERSION = 1;
				DEVELOPMENT_TEAM = LHMNAPQ6N7;
				GENERATE_INFOPLIST_FILE = YES;
				MARKETING_VERSION = 1.0;
				PRODUCT_BUNDLE_IDENTIFIER = practice.PockerGameAppTests;
				PRODUCT_NAME = "$(TARGET_NAME)";
				SWIFT_EMIT_LOC_STRINGS = NO;
				SWIFT_VERSION = 5.0;
				TARGETED_DEVICE_FAMILY = "1,2";
				TEST_HOST = "$(BUILT_PRODUCTS_DIR)/PockerGameApp.app/PockerGameApp";
			};
			name = Debug;
		};
		72BB508027C607A500D93383 /* Release */ = {
			isa = XCBuildConfiguration;
			buildSettings = {
				BUNDLE_LOADER = "$(TEST_HOST)";
				CODE_SIGN_STYLE = Automatic;
				CURRENT_PROJECT_VERSION = 1;
				DEVELOPMENT_TEAM = LHMNAPQ6N7;
				GENERATE_INFOPLIST_FILE = YES;
				MARKETING_VERSION = 1.0;
				PRODUCT_BUNDLE_IDENTIFIER = practice.PockerGameAppTests;
				PRODUCT_NAME = "$(TARGET_NAME)";
				SWIFT_EMIT_LOC_STRINGS = NO;
				SWIFT_VERSION = 5.0;
				TARGETED_DEVICE_FAMILY = "1,2";
				TEST_HOST = "$(BUILT_PRODUCTS_DIR)/PockerGameApp.app/PockerGameApp";
			};
			name = Release;
		};
/* End XCBuildConfiguration section */

/* Begin XCConfigurationList section */
		72A82E4827C343920044C900 /* Build configuration list for PBXProject "PockerGameApp" */ = {
			isa = XCConfigurationList;
			buildConfigurations = (
				72A82E5F27C343930044C900 /* Debug */,
				72A82E6027C343930044C900 /* Release */,
			);
			defaultConfigurationIsVisible = 0;
			defaultConfigurationName = Release;
		};
		72A82E6127C343930044C900 /* Build configuration list for PBXNativeTarget "PockerGameApp" */ = {
			isa = XCConfigurationList;
			buildConfigurations = (
				72A82E6227C343930044C900 /* Debug */,
				72A82E6327C343930044C900 /* Release */,
			);
			defaultConfigurationIsVisible = 0;
			defaultConfigurationName = Release;
		};
		72BB507E27C607A500D93383 /* Build configuration list for PBXNativeTarget "PockerGameAppTests" */ = {
			isa = XCConfigurationList;
			buildConfigurations = (
				72BB507F27C607A500D93383 /* Debug */,
				72BB508027C607A500D93383 /* Release */,
			);
			defaultConfigurationIsVisible = 0;
			defaultConfigurationName = Release;
		};
/* End XCConfigurationList section */
	};
	rootObject = 72A82E4527C343920044C900 /* Project object */;
}
