// !$*UTF8*$!
{
	archiveVersion = 1;
	classes = {
	};
	objectVersion = 55;
	objects = {

/* Begin PBXBuildFile section */
		1E95A0F027C32767005FE52A /* AppDelegate.swift in Sources */ = {isa = PBXBuildFile; fileRef = 1E95A0EF27C32767005FE52A /* AppDelegate.swift */; };
		1E95A0F227C32767005FE52A /* SceneDelegate.swift in Sources */ = {isa = PBXBuildFile; fileRef = 1E95A0F127C32767005FE52A /* SceneDelegate.swift */; };
		1E95A0F427C32767005FE52A /* ViewController.swift in Sources */ = {isa = PBXBuildFile; fileRef = 1E95A0F327C32767005FE52A /* ViewController.swift */; };
		1E95A0F727C32767005FE52A /* Main.storyboard in Resources */ = {isa = PBXBuildFile; fileRef = 1E95A0F527C32767005FE52A /* Main.storyboard */; };
		1E95A0F927C32768005FE52A /* Assets.xcassets in Resources */ = {isa = PBXBuildFile; fileRef = 1E95A0F827C32768005FE52A /* Assets.xcassets */; };
		1E95A0FC27C32768005FE52A /* LaunchScreen.storyboard in Resources */ = {isa = PBXBuildFile; fileRef = 1E95A0FA27C32768005FE52A /* LaunchScreen.storyboard */; };
		1E95A15827C4F6E0005FE52A /* Card.swift in Sources */ = {isa = PBXBuildFile; fileRef = 1E95A15727C4F6E0005FE52A /* Card.swift */; };
		1E95A15C27C5C315005FE52A /* CardDeck.swift in Sources */ = {isa = PBXBuildFile; fileRef = 1E95A15B27C5C315005FE52A /* CardDeck.swift */; };
		1E95A1A427C61421005FE52A /* CardDeckTests.swift in Sources */ = {isa = PBXBuildFile; fileRef = 1E95A1A327C61421005FE52A /* CardDeckTests.swift */; };
/* End PBXBuildFile section */

/* Begin PBXContainerItemProxy section */
		1E95A1A527C61421005FE52A /* PBXContainerItemProxy */ = {
			isa = PBXContainerItemProxy;
			containerPortal = 1E95A0E427C32767005FE52A /* Project object */;
			proxyType = 1;
			remoteGlobalIDString = 1E95A0EB27C32767005FE52A;
			remoteInfo = PokerGame;
		};
/* End PBXContainerItemProxy section */

/* Begin PBXFileReference section */
		1E95A0EC27C32767005FE52A /* PokerGame.app */ = {isa = PBXFileReference; explicitFileType = wrapper.application; includeInIndex = 0; path = PokerGame.app; sourceTree = BUILT_PRODUCTS_DIR; };
		1E95A0EF27C32767005FE52A /* AppDelegate.swift */ = {isa = PBXFileReference; lastKnownFileType = sourcecode.swift; path = AppDelegate.swift; sourceTree = "<group>"; };
		1E95A0F127C32767005FE52A /* SceneDelegate.swift */ = {isa = PBXFileReference; lastKnownFileType = sourcecode.swift; path = SceneDelegate.swift; sourceTree = "<group>"; };
		1E95A0F327C32767005FE52A /* ViewController.swift */ = {isa = PBXFileReference; lastKnownFileType = sourcecode.swift; path = ViewController.swift; sourceTree = "<group>"; };
		1E95A0F627C32767005FE52A /* Base */ = {isa = PBXFileReference; lastKnownFileType = file.storyboard; name = Base; path = Base.lproj/Main.storyboard; sourceTree = "<group>"; };
		1E95A0F827C32768005FE52A /* Assets.xcassets */ = {isa = PBXFileReference; lastKnownFileType = folder.assetcatalog; path = Assets.xcassets; sourceTree = "<group>"; };
		1E95A0FB27C32768005FE52A /* Base */ = {isa = PBXFileReference; lastKnownFileType = file.storyboard; name = Base; path = Base.lproj/LaunchScreen.storyboard; sourceTree = "<group>"; };
		1E95A0FD27C32768005FE52A /* Info.plist */ = {isa = PBXFileReference; lastKnownFileType = text.plist.xml; path = Info.plist; sourceTree = "<group>"; };
		1E95A15727C4F6E0005FE52A /* Card.swift */ = {isa = PBXFileReference; lastKnownFileType = sourcecode.swift; path = Card.swift; sourceTree = "<group>"; };
		1E95A15B27C5C315005FE52A /* CardDeck.swift */ = {isa = PBXFileReference; lastKnownFileType = sourcecode.swift; path = CardDeck.swift; sourceTree = "<group>"; };
		1E95A1A127C61421005FE52A /* PokerGameTests.xctest */ = {isa = PBXFileReference; explicitFileType = wrapper.cfbundle; includeInIndex = 0; path = PokerGameTests.xctest; sourceTree = BUILT_PRODUCTS_DIR; };
		1E95A1A327C61421005FE52A /* CardDeckTests.swift */ = {isa = PBXFileReference; lastKnownFileType = sourcecode.swift; path = CardDeckTests.swift; sourceTree = "<group>"; };
/* End PBXFileReference section */

/* Begin PBXFrameworksBuildPhase section */
		1E95A0E927C32767005FE52A /* Frameworks */ = {
			isa = PBXFrameworksBuildPhase;
			buildActionMask = 2147483647;
			files = (
			);
			runOnlyForDeploymentPostprocessing = 0;
		};
		1E95A19E27C61421005FE52A /* Frameworks */ = {
			isa = PBXFrameworksBuildPhase;
			buildActionMask = 2147483647;
			files = (
			);
			runOnlyForDeploymentPostprocessing = 0;
		};
/* End PBXFrameworksBuildPhase section */

/* Begin PBXGroup section */
		1E95A0E327C32767005FE52A = {
			isa = PBXGroup;
			children = (
				1E95A0EE27C32767005FE52A /* PokerGameApp */,
				1E95A1A227C61421005FE52A /* PokerGameTests */,
				1E95A0ED27C32767005FE52A /* Products */,
			);
			sourceTree = "<group>";
		};
		1E95A0ED27C32767005FE52A /* Products */ = {
			isa = PBXGroup;
			children = (
				1E95A0EC27C32767005FE52A /* PokerGame.app */,
				1E95A1A127C61421005FE52A /* PokerGameTests.xctest */,
			);
			name = Products;
			sourceTree = "<group>";
		};
		1E95A0EE27C32767005FE52A /* PokerGameApp */ = {
			isa = PBXGroup;
			children = (
				1E95A0EF27C32767005FE52A /* AppDelegate.swift */,
				1E95A0F127C32767005FE52A /* SceneDelegate.swift */,
				1E95A15727C4F6E0005FE52A /* Card.swift */,
				1E95A15B27C5C315005FE52A /* CardDeck.swift */,
				1E95A0F327C32767005FE52A /* ViewController.swift */,
				1E95A0F527C32767005FE52A /* Main.storyboard */,
				1E95A0F827C32768005FE52A /* Assets.xcassets */,
				1E95A0FA27C32768005FE52A /* LaunchScreen.storyboard */,
				1E95A0FD27C32768005FE52A /* Info.plist */,
			);
			path = PokerGameApp;
			sourceTree = "<group>";
		};
		1E95A1A227C61421005FE52A /* PokerGameTests */ = {
			isa = PBXGroup;
			children = (
				1E95A1A327C61421005FE52A /* CardDeckTests.swift */,
			);
			path = PokerGameTests;
			sourceTree = "<group>";
		};
/* End PBXGroup section */

/* Begin PBXNativeTarget section */
		1E95A0EB27C32767005FE52A /* PokerGame */ = {
			isa = PBXNativeTarget;
			buildConfigurationList = 1E95A10027C32768005FE52A /* Build configuration list for PBXNativeTarget "PokerGame" */;
			buildPhases = (
				1E95A0E827C32767005FE52A /* Sources */,
				1E95A0E927C32767005FE52A /* Frameworks */,
				1E95A0EA27C32767005FE52A /* Resources */,
			);
			buildRules = (
			);
			dependencies = (
			);
			name = PokerGame;
			productName = PokerGame;
			productReference = 1E95A0EC27C32767005FE52A /* PokerGame.app */;
			productType = "com.apple.product-type.application";
		};
		1E95A1A027C61421005FE52A /* PokerGameTests */ = {
			isa = PBXNativeTarget;
			buildConfigurationList = 1E95A1A727C61421005FE52A /* Build configuration list for PBXNativeTarget "PokerGameTests" */;
			buildPhases = (
				1E95A19D27C61421005FE52A /* Sources */,
				1E95A19E27C61421005FE52A /* Frameworks */,
				1E95A19F27C61421005FE52A /* Resources */,
			);
			buildRules = (
			);
			dependencies = (
				1E95A1A627C61421005FE52A /* PBXTargetDependency */,
			);
			name = PokerGameTests;
			productName = PokerGameTests;
			productReference = 1E95A1A127C61421005FE52A /* PokerGameTests.xctest */;
			productType = "com.apple.product-type.bundle.unit-test";
		};
/* End PBXNativeTarget section */

/* Begin PBXProject section */
		1E95A0E427C32767005FE52A /* Project object */ = {
			isa = PBXProject;
			attributes = {
				BuildIndependentTargetsInParallel = 1;
				LastSwiftUpdateCheck = 1320;
				LastUpgradeCheck = 1320;
				TargetAttributes = {
					1E95A0EB27C32767005FE52A = {
						CreatedOnToolsVersion = 13.2.1;
					};
					1E95A1A027C61421005FE52A = {
						CreatedOnToolsVersion = 13.2.1;
						TestTargetID = 1E95A0EB27C32767005FE52A;
					};
				};
			};
			buildConfigurationList = 1E95A0E727C32767005FE52A /* Build configuration list for PBXProject "PokerGameApp" */;
			compatibilityVersion = "Xcode 13.0";
			developmentRegion = en;
			hasScannedForEncodings = 0;
			knownRegions = (
				en,
				Base,
			);
			mainGroup = 1E95A0E327C32767005FE52A;
			productRefGroup = 1E95A0ED27C32767005FE52A /* Products */;
			projectDirPath = "";
			projectRoot = "";
			targets = (
				1E95A0EB27C32767005FE52A /* PokerGame */,
				1E95A1A027C61421005FE52A /* PokerGameTests */,
			);
		};
/* End PBXProject section */

/* Begin PBXResourcesBuildPhase section */
		1E95A0EA27C32767005FE52A /* Resources */ = {
			isa = PBXResourcesBuildPhase;
			buildActionMask = 2147483647;
			files = (
				1E95A0FC27C32768005FE52A /* LaunchScreen.storyboard in Resources */,
				1E95A0F927C32768005FE52A /* Assets.xcassets in Resources */,
				1E95A0F727C32767005FE52A /* Main.storyboard in Resources */,
			);
			runOnlyForDeploymentPostprocessing = 0;
		};
		1E95A19F27C61421005FE52A /* Resources */ = {
			isa = PBXResourcesBuildPhase;
			buildActionMask = 2147483647;
			files = (
			);
			runOnlyForDeploymentPostprocessing = 0;
		};
/* End PBXResourcesBuildPhase section */

/* Begin PBXSourcesBuildPhase section */
		1E95A0E827C32767005FE52A /* Sources */ = {
			isa = PBXSourcesBuildPhase;
			buildActionMask = 2147483647;
			files = (
				1E95A0F427C32767005FE52A /* ViewController.swift in Sources */,
				1E95A15C27C5C315005FE52A /* CardDeck.swift in Sources */,
				1E95A0F027C32767005FE52A /* AppDelegate.swift in Sources */,
				1E95A0F227C32767005FE52A /* SceneDelegate.swift in Sources */,
				1E95A15827C4F6E0005FE52A /* Card.swift in Sources */,
			);
			runOnlyForDeploymentPostprocessing = 0;
		};
		1E95A19D27C61421005FE52A /* Sources */ = {
			isa = PBXSourcesBuildPhase;
			buildActionMask = 2147483647;
			files = (
				1E95A1A427C61421005FE52A /* CardDeckTests.swift in Sources */,
			);
			runOnlyForDeploymentPostprocessing = 0;
		};
/* End PBXSourcesBuildPhase section */

/* Begin PBXTargetDependency section */
		1E95A1A627C61421005FE52A /* PBXTargetDependency */ = {
			isa = PBXTargetDependency;
			target = 1E95A0EB27C32767005FE52A /* PokerGame */;
			targetProxy = 1E95A1A527C61421005FE52A /* PBXContainerItemProxy */;
		};
/* End PBXTargetDependency section */

/* Begin PBXVariantGroup section */
		1E95A0F527C32767005FE52A /* Main.storyboard */ = {
			isa = PBXVariantGroup;
			children = (
				1E95A0F627C32767005FE52A /* Base */,
			);
			name = Main.storyboard;
			sourceTree = "<group>";
		};
		1E95A0FA27C32768005FE52A /* LaunchScreen.storyboard */ = {
			isa = PBXVariantGroup;
			children = (
				1E95A0FB27C32768005FE52A /* Base */,
			);
			name = LaunchScreen.storyboard;
			sourceTree = "<group>";
		};
/* End PBXVariantGroup section */

/* Begin XCBuildConfiguration section */
		1E95A0FE27C32768005FE52A /* Debug */ = {
			isa = XCBuildConfiguration;
			buildSettings = {
				ALWAYS_SEARCH_USER_PATHS = NO;
				CLANG_ANALYZER_NONNULL = YES;
				CLANG_ANALYZER_NUMBER_OBJECT_CONVERSION = YES_AGGRESSIVE;
				CLANG_CXX_LANGUAGE_STANDARD = "gnu++17";
				CLANG_CXX_LIBRARY = "libc++";
				CLANG_ENABLE_MODULES = YES;
				CLANG_ENABLE_OBJC_ARC = YES;
				CLANG_ENABLE_OBJC_WEAK = YES;
				CLANG_WARN_BLOCK_CAPTURE_AUTORELEASING = YES;
				CLANG_WARN_BOOL_CONVERSION = YES;
				CLANG_WARN_COMMA = YES;
				CLANG_WARN_CONSTANT_CONVERSION = YES;
				CLANG_WARN_DEPRECATED_OBJC_IMPLEMENTATIONS = YES;
				CLANG_WARN_DIRECT_OBJC_ISA_USAGE = YES_ERROR;
				CLANG_WARN_DOCUMENTATION_COMMENTS = YES;
				CLANG_WARN_EMPTY_BODY = YES;
				CLANG_WARN_ENUM_CONVERSION = YES;
				CLANG_WARN_INFINITE_RECURSION = YES;
				CLANG_WARN_INT_CONVERSION = YES;
				CLANG_WARN_NON_LITERAL_NULL_CONVERSION = YES;
				CLANG_WARN_OBJC_IMPLICIT_RETAIN_SELF = YES;
				CLANG_WARN_OBJC_LITERAL_CONVERSION = YES;
				CLANG_WARN_OBJC_ROOT_CLASS = YES_ERROR;
				CLANG_WARN_QUOTED_INCLUDE_IN_FRAMEWORK_HEADER = YES;
				CLANG_WARN_RANGE_LOOP_ANALYSIS = YES;
				CLANG_WARN_STRICT_PROTOTYPES = YES;
				CLANG_WARN_SUSPICIOUS_MOVE = YES;
				CLANG_WARN_UNGUARDED_AVAILABILITY = YES_AGGRESSIVE;
				CLANG_WARN_UNREACHABLE_CODE = YES;
				CLANG_WARN__DUPLICATE_METHOD_MATCH = YES;
				COPY_PHASE_STRIP = NO;
				DEBUG_INFORMATION_FORMAT = dwarf;
				ENABLE_STRICT_OBJC_MSGSEND = YES;
				ENABLE_TESTABILITY = YES;
				GCC_C_LANGUAGE_STANDARD = gnu11;
				GCC_DYNAMIC_NO_PIC = NO;
				GCC_NO_COMMON_BLOCKS = YES;
				GCC_OPTIMIZATION_LEVEL = 0;
				GCC_PREPROCESSOR_DEFINITIONS = (
					"DEBUG=1",
					"$(inherited)",
				);
				GCC_WARN_64_TO_32_BIT_CONVERSION = YES;
				GCC_WARN_ABOUT_RETURN_TYPE = YES_ERROR;
				GCC_WARN_UNDECLARED_SELECTOR = YES;
				GCC_WARN_UNINITIALIZED_AUTOS = YES_AGGRESSIVE;
				GCC_WARN_UNUSED_FUNCTION = YES;
				GCC_WARN_UNUSED_VARIABLE = YES;
				IPHONEOS_DEPLOYMENT_TARGET = 15.2;
				MTL_ENABLE_DEBUG_INFO = INCLUDE_SOURCE;
				MTL_FAST_MATH = YES;
				ONLY_ACTIVE_ARCH = YES;
				SDKROOT = iphoneos;
				SWIFT_ACTIVE_COMPILATION_CONDITIONS = DEBUG;
				SWIFT_OPTIMIZATION_LEVEL = "-Onone";
			};
			name = Debug;
		};
		1E95A0FF27C32768005FE52A /* Release */ = {
			isa = XCBuildConfiguration;
			buildSettings = {
				ALWAYS_SEARCH_USER_PATHS = NO;
				CLANG_ANALYZER_NONNULL = YES;
				CLANG_ANALYZER_NUMBER_OBJECT_CONVERSION = YES_AGGRESSIVE;
				CLANG_CXX_LANGUAGE_STANDARD = "gnu++17";
				CLANG_CXX_LIBRARY = "libc++";
				CLANG_ENABLE_MODULES = YES;
				CLANG_ENABLE_OBJC_ARC = YES;
				CLANG_ENABLE_OBJC_WEAK = YES;
				CLANG_WARN_BLOCK_CAPTURE_AUTORELEASING = YES;
				CLANG_WARN_BOOL_CONVERSION = YES;
				CLANG_WARN_COMMA = YES;
				CLANG_WARN_CONSTANT_CONVERSION = YES;
				CLANG_WARN_DEPRECATED_OBJC_IMPLEMENTATIONS = YES;
				CLANG_WARN_DIRECT_OBJC_ISA_USAGE = YES_ERROR;
				CLANG_WARN_DOCUMENTATION_COMMENTS = YES;
				CLANG_WARN_EMPTY_BODY = YES;
				CLANG_WARN_ENUM_CONVERSION = YES;
				CLANG_WARN_INFINITE_RECURSION = YES;
				CLANG_WARN_INT_CONVERSION = YES;
				CLANG_WARN_NON_LITERAL_NULL_CONVERSION = YES;
				CLANG_WARN_OBJC_IMPLICIT_RETAIN_SELF = YES;
				CLANG_WARN_OBJC_LITERAL_CONVERSION = YES;
				CLANG_WARN_OBJC_ROOT_CLASS = YES_ERROR;
				CLANG_WARN_QUOTED_INCLUDE_IN_FRAMEWORK_HEADER = YES;
				CLANG_WARN_RANGE_LOOP_ANALYSIS = YES;
				CLANG_WARN_STRICT_PROTOTYPES = YES;
				CLANG_WARN_SUSPICIOUS_MOVE = YES;
				CLANG_WARN_UNGUARDED_AVAILABILITY = YES_AGGRESSIVE;
				CLANG_WARN_UNREACHABLE_CODE = YES;
				CLANG_WARN__DUPLICATE_METHOD_MATCH = YES;
				COPY_PHASE_STRIP = NO;
				DEBUG_INFORMATION_FORMAT = "dwarf-with-dsym";
				ENABLE_NS_ASSERTIONS = NO;
				ENABLE_STRICT_OBJC_MSGSEND = YES;
				GCC_C_LANGUAGE_STANDARD = gnu11;
				GCC_NO_COMMON_BLOCKS = YES;
				GCC_WARN_64_TO_32_BIT_CONVERSION = YES;
				GCC_WARN_ABOUT_RETURN_TYPE = YES_ERROR;
				GCC_WARN_UNDECLARED_SELECTOR = YES;
				GCC_WARN_UNINITIALIZED_AUTOS = YES_AGGRESSIVE;
				GCC_WARN_UNUSED_FUNCTION = YES;
				GCC_WARN_UNUSED_VARIABLE = YES;
				IPHONEOS_DEPLOYMENT_TARGET = 15.2;
				MTL_ENABLE_DEBUG_INFO = NO;
				MTL_FAST_MATH = YES;
				SDKROOT = iphoneos;
				SWIFT_COMPILATION_MODE = wholemodule;
				SWIFT_OPTIMIZATION_LEVEL = "-O";
				VALIDATE_PRODUCT = YES;
			};
			name = Release;
		};
		1E95A10127C32768005FE52A /* Debug */ = {
			isa = XCBuildConfiguration;
			buildSettings = {
				ASSETCATALOG_COMPILER_APPICON_NAME = AppIcon;
				ASSETCATALOG_COMPILER_GLOBAL_ACCENT_COLOR_NAME = AccentColor;
				CODE_SIGN_STYLE = Automatic;
				CURRENT_PROJECT_VERSION = 1;
				DEVELOPMENT_TEAM = MPN6WL3W3U;
				GENERATE_INFOPLIST_FILE = YES;
				INFOPLIST_FILE = PokerGameApp/Info.plist;
				INFOPLIST_KEY_UIApplicationSupportsIndirectInputEvents = YES;
				INFOPLIST_KEY_UILaunchStoryboardName = LaunchScreen;
				INFOPLIST_KEY_UIMainStoryboardFile = Main;
				INFOPLIST_KEY_UISupportedInterfaceOrientations_iPad = "UIInterfaceOrientationPortrait UIInterfaceOrientationPortraitUpsideDown UIInterfaceOrientationLandscapeLeft UIInterfaceOrientationLandscapeRight";
				INFOPLIST_KEY_UISupportedInterfaceOrientations_iPhone = "UIInterfaceOrientationPortrait UIInterfaceOrientationLandscapeLeft UIInterfaceOrientationLandscapeRight";
				LD_RUNPATH_SEARCH_PATHS = (
					"$(inherited)",
					"@executable_path/Frameworks",
				);
				MARKETING_VERSION = 1.0;
				PRODUCT_BUNDLE_IDENTIFIER = com.sanghyeok.test.PokerGameApp;
				PRODUCT_NAME = "$(TARGET_NAME)";
				SWIFT_EMIT_LOC_STRINGS = YES;
				SWIFT_VERSION = 5.0;
				TARGETED_DEVICE_FAMILY = "1,2";
			};
			name = Debug;
		};
		1E95A10227C32768005FE52A /* Release */ = {
			isa = XCBuildConfiguration;
			buildSettings = {
				ASSETCATALOG_COMPILER_APPICON_NAME = AppIcon;
				ASSETCATALOG_COMPILER_GLOBAL_ACCENT_COLOR_NAME = AccentColor;
				CODE_SIGN_STYLE = Automatic;
				CURRENT_PROJECT_VERSION = 1;
				DEVELOPMENT_TEAM = MPN6WL3W3U;
				GENERATE_INFOPLIST_FILE = YES;
				INFOPLIST_FILE = PokerGameApp/Info.plist;
				INFOPLIST_KEY_UIApplicationSupportsIndirectInputEvents = YES;
				INFOPLIST_KEY_UILaunchStoryboardName = LaunchScreen;
				INFOPLIST_KEY_UIMainStoryboardFile = Main;
				INFOPLIST_KEY_UISupportedInterfaceOrientations_iPad = "UIInterfaceOrientationPortrait UIInterfaceOrientationPortraitUpsideDown UIInterfaceOrientationLandscapeLeft UIInterfaceOrientationLandscapeRight";
				INFOPLIST_KEY_UISupportedInterfaceOrientations_iPhone = "UIInterfaceOrientationPortrait UIInterfaceOrientationLandscapeLeft UIInterfaceOrientationLandscapeRight";
				LD_RUNPATH_SEARCH_PATHS = (
					"$(inherited)",
					"@executable_path/Frameworks",
				);
				MARKETING_VERSION = 1.0;
				PRODUCT_BUNDLE_IDENTIFIER = com.sanghyeok.test.PokerGameApp;
				PRODUCT_NAME = "$(TARGET_NAME)";
				SWIFT_EMIT_LOC_STRINGS = YES;
				SWIFT_VERSION = 5.0;
				TARGETED_DEVICE_FAMILY = "1,2";
			};
			name = Release;
		};
		1E95A1A827C61421005FE52A /* Debug */ = {
			isa = XCBuildConfiguration;
			buildSettings = {
				BUNDLE_LOADER = "$(TEST_HOST)";
				CODE_SIGN_STYLE = Automatic;
				CURRENT_PROJECT_VERSION = 1;
				DEVELOPMENT_TEAM = MPN6WL3W3U;
				GENERATE_INFOPLIST_FILE = YES;
				MARKETING_VERSION = 1.0;
				PRODUCT_BUNDLE_IDENTIFIER = com.sanghyeok.test.PokerGameTests;
				PRODUCT_NAME = "$(TARGET_NAME)";
				SWIFT_EMIT_LOC_STRINGS = NO;
				SWIFT_VERSION = 5.0;
				TARGETED_DEVICE_FAMILY = "1,2";
				TEST_HOST = "$(BUILT_PRODUCTS_DIR)/PokerGame.app/PokerGame";
			};
			name = Debug;
		};
		1E95A1A927C61421005FE52A /* Release */ = {
			isa = XCBuildConfiguration;
			buildSettings = {
				BUNDLE_LOADER = "$(TEST_HOST)";
				CODE_SIGN_STYLE = Automatic;
				CURRENT_PROJECT_VERSION = 1;
				DEVELOPMENT_TEAM = MPN6WL3W3U;
				GENERATE_INFOPLIST_FILE = YES;
				MARKETING_VERSION = 1.0;
				PRODUCT_BUNDLE_IDENTIFIER = com.sanghyeok.test.PokerGameTests;
				PRODUCT_NAME = "$(TARGET_NAME)";
				SWIFT_EMIT_LOC_STRINGS = NO;
				SWIFT_VERSION = 5.0;
				TARGETED_DEVICE_FAMILY = "1,2";
				TEST_HOST = "$(BUILT_PRODUCTS_DIR)/PokerGame.app/PokerGame";
			};
			name = Release;
		};
/* End XCBuildConfiguration section */

/* Begin XCConfigurationList section */
		1E95A0E727C32767005FE52A /* Build configuration list for PBXProject "PokerGameApp" */ = {
			isa = XCConfigurationList;
			buildConfigurations = (
				1E95A0FE27C32768005FE52A /* Debug */,
				1E95A0FF27C32768005FE52A /* Release */,
			);
			defaultConfigurationIsVisible = 0;
			defaultConfigurationName = Release;
		};
		1E95A10027C32768005FE52A /* Build configuration list for PBXNativeTarget "PokerGame" */ = {
			isa = XCConfigurationList;
			buildConfigurations = (
				1E95A10127C32768005FE52A /* Debug */,
				1E95A10227C32768005FE52A /* Release */,
			);
			defaultConfigurationIsVisible = 0;
			defaultConfigurationName = Release;
		};
		1E95A1A727C61421005FE52A /* Build configuration list for PBXNativeTarget "PokerGameTests" */ = {
			isa = XCConfigurationList;
			buildConfigurations = (
				1E95A1A827C61421005FE52A /* Debug */,
				1E95A1A927C61421005FE52A /* Release */,
			);
			defaultConfigurationIsVisible = 0;
			defaultConfigurationName = Release;
		};
/* End XCConfigurationList section */
	};
	rootObject = 1E95A0E427C32767005FE52A /* Project object */;
}
