// !$*UTF8*$!
{
	archiveVersion = 1;
	classes = {
	};
	objectVersion = 55;
	objects = {

/* Begin PBXBuildFile section */
		731A760327CCE988001F579E /* Rules.swift in Sources */ = {isa = PBXBuildFile; fileRef = 731A760227CCE988001F579E /* Rules.swift */; };
		731A760427CCE988001F579E /* Rules.swift in Sources */ = {isa = PBXBuildFile; fileRef = 731A760227CCE988001F579E /* Rules.swift */; };
		731A760727CCFFF8001F579E /* Players.swift in Sources */ = {isa = PBXBuildFile; fileRef = 731A760627CCFFF8001F579E /* Players.swift */; };
		731A760827CCFFF8001F579E /* Players.swift in Sources */ = {isa = PBXBuildFile; fileRef = 731A760627CCFFF8001F579E /* Players.swift */; };
		732224FA27C766E7007F1731 /* Player.swift in Sources */ = {isa = PBXBuildFile; fileRef = 732224F927C766E7007F1731 /* Player.swift */; };
		732224FB27C766E7007F1731 /* Player.swift in Sources */ = {isa = PBXBuildFile; fileRef = 732224F927C766E7007F1731 /* Player.swift */; };
		732224FD27C76E8A007F1731 /* PokerGame.swift in Sources */ = {isa = PBXBuildFile; fileRef = 732224FC27C76E8A007F1731 /* PokerGame.swift */; };
		732224FE27C76E8A007F1731 /* PokerGame.swift in Sources */ = {isa = PBXBuildFile; fileRef = 732224FC27C76E8A007F1731 /* PokerGame.swift */; };
		7347132027C5D8C500468516 /* CardDeck.swift in Sources */ = {isa = PBXBuildFile; fileRef = 7347131F27C5D8C500468516 /* CardDeck.swift */; };
		7347132827C64B0A00468516 /* PokerGameTests.swift in Sources */ = {isa = PBXBuildFile; fileRef = 7347132727C64B0A00468516 /* PokerGameTests.swift */; };
		7347132E27C64B6900468516 /* CardDeck.swift in Sources */ = {isa = PBXBuildFile; fileRef = 7347131F27C5D8C500468516 /* CardDeck.swift */; };
		736D9D2E27CF52FE00C040D8 /* CardDeckTest.swift in Sources */ = {isa = PBXBuildFile; fileRef = 736D9D2C27CF52FE00C040D8 /* CardDeckTest.swift */; };
		737D42EB27C64DC4004CBB46 /* ViewController.swift in Sources */ = {isa = PBXBuildFile; fileRef = 73ADCB9927C32E76009C0499 /* ViewController.swift */; };
		737D42EC27C64DC7004CBB46 /* Card.swift in Sources */ = {isa = PBXBuildFile; fileRef = 73ADCBB927C3C990009C0499 /* Card.swift */; };
		73ADCB9627C32E76009C0499 /* AppDelegate.swift in Sources */ = {isa = PBXBuildFile; fileRef = 73ADCB9527C32E76009C0499 /* AppDelegate.swift */; };
		73ADCB9827C32E76009C0499 /* SceneDelegate.swift in Sources */ = {isa = PBXBuildFile; fileRef = 73ADCB9727C32E76009C0499 /* SceneDelegate.swift */; };
		73ADCB9A27C32E76009C0499 /* ViewController.swift in Sources */ = {isa = PBXBuildFile; fileRef = 73ADCB9927C32E76009C0499 /* ViewController.swift */; };
		73ADCB9D27C32E76009C0499 /* Main.storyboard in Resources */ = {isa = PBXBuildFile; fileRef = 73ADCB9B27C32E76009C0499 /* Main.storyboard */; };
		73ADCB9F27C32E77009C0499 /* Assets.xcassets in Resources */ = {isa = PBXBuildFile; fileRef = 73ADCB9E27C32E77009C0499 /* Assets.xcassets */; };
		73ADCBA227C32E77009C0499 /* LaunchScreen.storyboard in Resources */ = {isa = PBXBuildFile; fileRef = 73ADCBA027C32E77009C0499 /* LaunchScreen.storyboard */; };
		73ADCBB327C39494009C0499 /* InfoPlist.strings in Resources */ = {isa = PBXBuildFile; fileRef = 73ADCBB527C39494009C0499 /* InfoPlist.strings */; };
		73ADCBBA27C3C990009C0499 /* Card.swift in Sources */ = {isa = PBXBuildFile; fileRef = 73ADCBB927C3C990009C0499 /* Card.swift */; };
		73C1217327CB7E8C009C7643 /* Dealer.swift in Sources */ = {isa = PBXBuildFile; fileRef = 73C1217227CB7E8C009C7643 /* Dealer.swift */; };
		73C1217427CB7E8C009C7643 /* Dealer.swift in Sources */ = {isa = PBXBuildFile; fileRef = 73C1217227CB7E8C009C7643 /* Dealer.swift */; };
/* End PBXBuildFile section */

/* Begin PBXContainerItemProxy section */
		7347132927C64B0A00468516 /* PBXContainerItemProxy */ = {
			isa = PBXContainerItemProxy;
			containerPortal = 73ADCB8A27C32E76009C0499 /* Project object */;
			proxyType = 1;
			remoteGlobalIDString = 73ADCB9127C32E76009C0499;
			remoteInfo = PokerGame;
		};
/* End PBXContainerItemProxy section */

/* Begin PBXFileReference section */
		731A760227CCE988001F579E /* Rules.swift */ = {isa = PBXFileReference; lastKnownFileType = sourcecode.swift; path = Rules.swift; sourceTree = "<group>"; };
		731A760627CCFFF8001F579E /* Players.swift */ = {isa = PBXFileReference; lastKnownFileType = sourcecode.swift; path = Players.swift; sourceTree = "<group>"; };
		732224F927C766E7007F1731 /* Player.swift */ = {isa = PBXFileReference; lastKnownFileType = sourcecode.swift; path = Player.swift; sourceTree = "<group>"; };
		732224FC27C76E8A007F1731 /* PokerGame.swift */ = {isa = PBXFileReference; lastKnownFileType = sourcecode.swift; path = PokerGame.swift; sourceTree = "<group>"; };
		7347131F27C5D8C500468516 /* CardDeck.swift */ = {isa = PBXFileReference; lastKnownFileType = sourcecode.swift; path = CardDeck.swift; sourceTree = "<group>"; };
		7347132527C64B0A00468516 /* PokerGameTests.xctest */ = {isa = PBXFileReference; explicitFileType = wrapper.cfbundle; includeInIndex = 0; path = PokerGameTests.xctest; sourceTree = BUILT_PRODUCTS_DIR; };
		7347132727C64B0A00468516 /* PokerGameTests.swift */ = {isa = PBXFileReference; lastKnownFileType = sourcecode.swift; path = PokerGameTests.swift; sourceTree = "<group>"; };
		736D9D2C27CF52FE00C040D8 /* CardDeckTest.swift */ = {isa = PBXFileReference; lastKnownFileType = sourcecode.swift; path = CardDeckTest.swift; sourceTree = "<group>"; };
		73ADCB9227C32E76009C0499 /* PokerGame.app */ = {isa = PBXFileReference; explicitFileType = wrapper.application; includeInIndex = 0; path = PokerGame.app; sourceTree = BUILT_PRODUCTS_DIR; };
		73ADCB9527C32E76009C0499 /* AppDelegate.swift */ = {isa = PBXFileReference; lastKnownFileType = sourcecode.swift; path = AppDelegate.swift; sourceTree = "<group>"; };
		73ADCB9727C32E76009C0499 /* SceneDelegate.swift */ = {isa = PBXFileReference; lastKnownFileType = sourcecode.swift; path = SceneDelegate.swift; sourceTree = "<group>"; };
		73ADCB9927C32E76009C0499 /* ViewController.swift */ = {isa = PBXFileReference; lastKnownFileType = sourcecode.swift; path = ViewController.swift; sourceTree = "<group>"; };
		73ADCB9C27C32E76009C0499 /* Base */ = {isa = PBXFileReference; lastKnownFileType = file.storyboard; name = Base; path = Base.lproj/Main.storyboard; sourceTree = "<group>"; };
		73ADCB9E27C32E77009C0499 /* Assets.xcassets */ = {isa = PBXFileReference; lastKnownFileType = folder.assetcatalog; path = Assets.xcassets; sourceTree = "<group>"; };
		73ADCBA127C32E77009C0499 /* Base */ = {isa = PBXFileReference; lastKnownFileType = file.storyboard; name = Base; path = Base.lproj/LaunchScreen.storyboard; sourceTree = "<group>"; };
		73ADCBA327C32E77009C0499 /* Info.plist */ = {isa = PBXFileReference; lastKnownFileType = text.plist.xml; path = Info.plist; sourceTree = "<group>"; };
		73ADCBB427C39494009C0499 /* en */ = {isa = PBXFileReference; lastKnownFileType = text.plist.strings; name = en; path = en.lproj/InfoPlist.strings; sourceTree = "<group>"; };
		73ADCBB627C394A2009C0499 /* ko */ = {isa = PBXFileReference; lastKnownFileType = text.plist.strings; name = ko; path = ko.lproj/Main.strings; sourceTree = "<group>"; };
		73ADCBB727C394A2009C0499 /* ko */ = {isa = PBXFileReference; lastKnownFileType = text.plist.strings; name = ko; path = ko.lproj/LaunchScreen.strings; sourceTree = "<group>"; };
		73ADCBB827C394A2009C0499 /* ko */ = {isa = PBXFileReference; lastKnownFileType = text.plist.strings; name = ko; path = ko.lproj/InfoPlist.strings; sourceTree = "<group>"; };
		73ADCBB927C3C990009C0499 /* Card.swift */ = {isa = PBXFileReference; lastKnownFileType = sourcecode.swift; path = Card.swift; sourceTree = "<group>"; };
		73C1217227CB7E8C009C7643 /* Dealer.swift */ = {isa = PBXFileReference; lastKnownFileType = sourcecode.swift; path = Dealer.swift; sourceTree = "<group>"; };
/* End PBXFileReference section */

/* Begin PBXFrameworksBuildPhase section */
		7347132227C64B0A00468516 /* Frameworks */ = {
			isa = PBXFrameworksBuildPhase;
			buildActionMask = 2147483647;
			files = (
			);
			runOnlyForDeploymentPostprocessing = 0;
		};
		73ADCB8F27C32E76009C0499 /* Frameworks */ = {
			isa = PBXFrameworksBuildPhase;
			buildActionMask = 2147483647;
			files = (
			);
			runOnlyForDeploymentPostprocessing = 0;
		};
/* End PBXFrameworksBuildPhase section */

/* Begin PBXGroup section */
		731A760527CCE995001F579E /* Players */ = {
			isa = PBXGroup;
			children = (
				73C1217227CB7E8C009C7643 /* Dealer.swift */,
				732224F927C766E7007F1731 /* Player.swift */,
				731A760627CCFFF8001F579E /* Players.swift */,
				731A760227CCE988001F579E /* Rules.swift */,
			);
			path = Players;
			sourceTree = "<group>";
		};
		7347132627C64B0A00468516 /* PokerGameTests */ = {
			isa = PBXGroup;
			children = (
				7347132727C64B0A00468516 /* PokerGameTests.swift */,
				736D9D2C27CF52FE00C040D8 /* CardDeckTest.swift */,
			);
			path = PokerGameTests;
			sourceTree = "<group>";
		};
		73ADCB8927C32E76009C0499 = {
			isa = PBXGroup;
			children = (
				73ADCB9427C32E76009C0499 /* PokerGame */,
				7347132627C64B0A00468516 /* PokerGameTests */,
				73ADCB9327C32E76009C0499 /* Products */,
			);
			sourceTree = "<group>";
		};
		73ADCB9327C32E76009C0499 /* Products */ = {
			isa = PBXGroup;
			children = (
				73ADCB9227C32E76009C0499 /* PokerGame.app */,
				7347132527C64B0A00468516 /* PokerGameTests.xctest */,
			);
			name = Products;
			sourceTree = "<group>";
		};
		73ADCB9427C32E76009C0499 /* PokerGame */ = {
			isa = PBXGroup;
			children = (
				73C1217527CBC50B009C7643 /* Card */,
				731A760527CCE995001F579E /* Players */,
				73ADCB9527C32E76009C0499 /* AppDelegate.swift */,
				73ADCB9727C32E76009C0499 /* SceneDelegate.swift */,
				732224FC27C76E8A007F1731 /* PokerGame.swift */,
				73ADCB9927C32E76009C0499 /* ViewController.swift */,
				73ADCB9B27C32E76009C0499 /* Main.storyboard */,
				73ADCB9E27C32E77009C0499 /* Assets.xcassets */,
				73ADCBA027C32E77009C0499 /* LaunchScreen.storyboard */,
				73ADCBA327C32E77009C0499 /* Info.plist */,
				73ADCBB527C39494009C0499 /* InfoPlist.strings */,
			);
			path = PokerGame;
			sourceTree = "<group>";
		};
		73C1217527CBC50B009C7643 /* Card */ = {
			isa = PBXGroup;
			children = (
				7347131F27C5D8C500468516 /* CardDeck.swift */,
				73ADCBB927C3C990009C0499 /* Card.swift */,
			);
			path = Card;
			sourceTree = "<group>";
		};
/* End PBXGroup section */

/* Begin PBXNativeTarget section */
		7347132427C64B0A00468516 /* PokerGameTests */ = {
			isa = PBXNativeTarget;
			buildConfigurationList = 7347132B27C64B0A00468516 /* Build configuration list for PBXNativeTarget "PokerGameTests" */;
			buildPhases = (
				7347132127C64B0A00468516 /* Sources */,
				7347132227C64B0A00468516 /* Frameworks */,
				7347132327C64B0A00468516 /* Resources */,
			);
			buildRules = (
			);
			dependencies = (
				7347132A27C64B0A00468516 /* PBXTargetDependency */,
			);
			name = PokerGameTests;
			productName = PokerGameTests;
			productReference = 7347132527C64B0A00468516 /* PokerGameTests.xctest */;
			productType = "com.apple.product-type.bundle.unit-test";
		};
		73ADCB9127C32E76009C0499 /* PokerGame */ = {
			isa = PBXNativeTarget;
			buildConfigurationList = 73ADCBA627C32E77009C0499 /* Build configuration list for PBXNativeTarget "PokerGame" */;
			buildPhases = (
				73ADCB8E27C32E76009C0499 /* Sources */,
				73ADCB8F27C32E76009C0499 /* Frameworks */,
				73ADCB9027C32E76009C0499 /* Resources */,
			);
			buildRules = (
			);
			dependencies = (
			);
			name = PokerGame;
			productName = PokerGame;
			productReference = 73ADCB9227C32E76009C0499 /* PokerGame.app */;
			productType = "com.apple.product-type.application";
		};
/* End PBXNativeTarget section */

/* Begin PBXProject section */
		73ADCB8A27C32E76009C0499 /* Project object */ = {
			isa = PBXProject;
			attributes = {
				BuildIndependentTargetsInParallel = 1;
				LastSwiftUpdateCheck = 1320;
				LastUpgradeCheck = 1320;
				TargetAttributes = {
					7347132427C64B0A00468516 = {
						CreatedOnToolsVersion = 13.2.1;
						TestTargetID = 73ADCB9127C32E76009C0499;
					};
					73ADCB9127C32E76009C0499 = {
						CreatedOnToolsVersion = 13.2.1;
					};
				};
			};
			buildConfigurationList = 73ADCB8D27C32E76009C0499 /* Build configuration list for PBXProject "PokerGame" */;
			compatibilityVersion = "Xcode 13.0";
			developmentRegion = en;
			hasScannedForEncodings = 0;
			knownRegions = (
				en,
				Base,
				ko,
			);
			mainGroup = 73ADCB8927C32E76009C0499;
			productRefGroup = 73ADCB9327C32E76009C0499 /* Products */;
			projectDirPath = "";
			projectRoot = "";
			targets = (
				73ADCB9127C32E76009C0499 /* PokerGame */,
				7347132427C64B0A00468516 /* PokerGameTests */,
			);
		};
/* End PBXProject section */

/* Begin PBXResourcesBuildPhase section */
		7347132327C64B0A00468516 /* Resources */ = {
			isa = PBXResourcesBuildPhase;
			buildActionMask = 2147483647;
			files = (
			);
			runOnlyForDeploymentPostprocessing = 0;
		};
		73ADCB9027C32E76009C0499 /* Resources */ = {
			isa = PBXResourcesBuildPhase;
			buildActionMask = 2147483647;
			files = (
				73ADCBA227C32E77009C0499 /* LaunchScreen.storyboard in Resources */,
				73ADCBB327C39494009C0499 /* InfoPlist.strings in Resources */,
				73ADCB9F27C32E77009C0499 /* Assets.xcassets in Resources */,
				73ADCB9D27C32E76009C0499 /* Main.storyboard in Resources */,
			);
			runOnlyForDeploymentPostprocessing = 0;
		};
/* End PBXResourcesBuildPhase section */

/* Begin PBXSourcesBuildPhase section */
		7347132127C64B0A00468516 /* Sources */ = {
			isa = PBXSourcesBuildPhase;
			buildActionMask = 2147483647;
			files = (
				731A760827CCFFF8001F579E /* Players.swift in Sources */,
				737D42EB27C64DC4004CBB46 /* ViewController.swift in Sources */,
				731A760427CCE988001F579E /* Rules.swift in Sources */,
				7347132E27C64B6900468516 /* CardDeck.swift in Sources */,
				73C1217427CB7E8C009C7643 /* Dealer.swift in Sources */,
				732224FE27C76E8A007F1731 /* PokerGame.swift in Sources */,
				736D9D2E27CF52FE00C040D8 /* CardDeckTest.swift in Sources */,
				7347132827C64B0A00468516 /* PokerGameTests.swift in Sources */,
				732224FB27C766E7007F1731 /* Player.swift in Sources */,
				737D42EC27C64DC7004CBB46 /* Card.swift in Sources */,
			);
			runOnlyForDeploymentPostprocessing = 0;
		};
		73ADCB8E27C32E76009C0499 /* Sources */ = {
			isa = PBXSourcesBuildPhase;
			buildActionMask = 2147483647;
			files = (
				73ADCB9A27C32E76009C0499 /* ViewController.swift in Sources */,
				7347132027C5D8C500468516 /* CardDeck.swift in Sources */,
				731A760327CCE988001F579E /* Rules.swift in Sources */,
				732224FD27C76E8A007F1731 /* PokerGame.swift in Sources */,
				73ADCB9627C32E76009C0499 /* AppDelegate.swift in Sources */,
				73C1217327CB7E8C009C7643 /* Dealer.swift in Sources */,
				731A760727CCFFF8001F579E /* Players.swift in Sources */,
				73ADCB9827C32E76009C0499 /* SceneDelegate.swift in Sources */,
				732224FA27C766E7007F1731 /* Player.swift in Sources */,
				73ADCBBA27C3C990009C0499 /* Card.swift in Sources */,
			);
			runOnlyForDeploymentPostprocessing = 0;
		};
/* End PBXSourcesBuildPhase section */

/* Begin PBXTargetDependency section */
		7347132A27C64B0A00468516 /* PBXTargetDependency */ = {
			isa = PBXTargetDependency;
			target = 73ADCB9127C32E76009C0499 /* PokerGame */;
			targetProxy = 7347132927C64B0A00468516 /* PBXContainerItemProxy */;
		};
/* End PBXTargetDependency section */

/* Begin PBXVariantGroup section */
		73ADCB9B27C32E76009C0499 /* Main.storyboard */ = {
			isa = PBXVariantGroup;
			children = (
				73ADCB9C27C32E76009C0499 /* Base */,
				73ADCBB627C394A2009C0499 /* ko */,
			);
			name = Main.storyboard;
			sourceTree = "<group>";
		};
		73ADCBA027C32E77009C0499 /* LaunchScreen.storyboard */ = {
			isa = PBXVariantGroup;
			children = (
				73ADCBA127C32E77009C0499 /* Base */,
				73ADCBB727C394A2009C0499 /* ko */,
			);
			name = LaunchScreen.storyboard;
			sourceTree = "<group>";
		};
		73ADCBB527C39494009C0499 /* InfoPlist.strings */ = {
			isa = PBXVariantGroup;
			children = (
				73ADCBB427C39494009C0499 /* en */,
				73ADCBB827C394A2009C0499 /* ko */,
			);
			name = InfoPlist.strings;
			sourceTree = "<group>";
		};
/* End PBXVariantGroup section */

/* Begin XCBuildConfiguration section */
		7347132C27C64B0A00468516 /* Debug */ = {
			isa = XCBuildConfiguration;
			buildSettings = {
				BUNDLE_LOADER = "$(TEST_HOST)";
				CODE_SIGN_STYLE = Automatic;
				CURRENT_PROJECT_VERSION = 1;
				DEVELOPMENT_TEAM = 6Y9V523M6R;
				GENERATE_INFOPLIST_FILE = YES;
				IPHONEOS_DEPLOYMENT_TARGET = 15.2;
				MARKETING_VERSION = 1.0;
				PRODUCT_BUNDLE_IDENTIFIER = com.jihee.PokerGameTests;
				PRODUCT_NAME = "$(TARGET_NAME)";
				SWIFT_EMIT_LOC_STRINGS = NO;
				SWIFT_VERSION = 5.0;
				TARGETED_DEVICE_FAMILY = "1,2";
				TEST_HOST = "$(BUILT_PRODUCTS_DIR)/PokerGame.app/PokerGame";
			};
			name = Debug;
		};
		7347132D27C64B0A00468516 /* Release */ = {
			isa = XCBuildConfiguration;
			buildSettings = {
				BUNDLE_LOADER = "$(TEST_HOST)";
				CODE_SIGN_STYLE = Automatic;
				CURRENT_PROJECT_VERSION = 1;
				DEVELOPMENT_TEAM = 6Y9V523M6R;
				GENERATE_INFOPLIST_FILE = YES;
				IPHONEOS_DEPLOYMENT_TARGET = 15.2;
				MARKETING_VERSION = 1.0;
				PRODUCT_BUNDLE_IDENTIFIER = com.jihee.PokerGameTests;
				PRODUCT_NAME = "$(TARGET_NAME)";
				SWIFT_EMIT_LOC_STRINGS = NO;
				SWIFT_VERSION = 5.0;
				TARGETED_DEVICE_FAMILY = "1,2";
				TEST_HOST = "$(BUILT_PRODUCTS_DIR)/PokerGame.app/PokerGame";
			};
			name = Release;
		};
		73ADCBA427C32E77009C0499 /* Debug */ = {
			isa = XCBuildConfiguration;
			buildSettings = {
				ALWAYS_SEARCH_USER_PATHS = NO;
				CLANG_ANALYZER_LOCALIZABILITY_NONLOCALIZED = YES;
				CLANG_ANALYZER_NONNULL = YES;
				CLANG_ANALYZER_NUMBER_OBJECT_CONVERSION = YES_AGGRESSIVE;
				CLANG_CXX_LANGUAGE_STANDARD = "gnu++17";
				CLANG_CXX_LIBRARY = "libc++";
				CLANG_ENABLE_MODULES = YES;
				CLANG_ENABLE_OBJC_ARC = YES;
				CLANG_ENABLE_OBJC_WEAK = YES;
				CLANG_WARN_BLOCK_CAPTURE_AUTORELEASING = YES;
				CLANG_WARN_BOOL_CONVERSION = YES;
				CLANG_WARN_COMMA = YES;
				CLANG_WARN_CONSTANT_CONVERSION = YES;
				CLANG_WARN_DEPRECATED_OBJC_IMPLEMENTATIONS = YES;
				CLANG_WARN_DIRECT_OBJC_ISA_USAGE = YES_ERROR;
				CLANG_WARN_DOCUMENTATION_COMMENTS = YES;
				CLANG_WARN_EMPTY_BODY = YES;
				CLANG_WARN_ENUM_CONVERSION = YES;
				CLANG_WARN_INFINITE_RECURSION = YES;
				CLANG_WARN_INT_CONVERSION = YES;
				CLANG_WARN_NON_LITERAL_NULL_CONVERSION = YES;
				CLANG_WARN_OBJC_IMPLICIT_RETAIN_SELF = YES;
				CLANG_WARN_OBJC_LITERAL_CONVERSION = YES;
				CLANG_WARN_OBJC_ROOT_CLASS = YES_ERROR;
				CLANG_WARN_QUOTED_INCLUDE_IN_FRAMEWORK_HEADER = YES;
				CLANG_WARN_RANGE_LOOP_ANALYSIS = YES;
				CLANG_WARN_STRICT_PROTOTYPES = YES;
				CLANG_WARN_SUSPICIOUS_MOVE = YES;
				CLANG_WARN_UNGUARDED_AVAILABILITY = YES_AGGRESSIVE;
				CLANG_WARN_UNREACHABLE_CODE = YES;
				CLANG_WARN__DUPLICATE_METHOD_MATCH = YES;
				COPY_PHASE_STRIP = NO;
				DEBUG_INFORMATION_FORMAT = dwarf;
				ENABLE_STRICT_OBJC_MSGSEND = YES;
				ENABLE_TESTABILITY = YES;
				GCC_C_LANGUAGE_STANDARD = gnu11;
				GCC_DYNAMIC_NO_PIC = NO;
				GCC_NO_COMMON_BLOCKS = YES;
				GCC_OPTIMIZATION_LEVEL = 0;
				GCC_PREPROCESSOR_DEFINITIONS = (
					"DEBUG=1",
					"$(inherited)",
				);
				GCC_WARN_64_TO_32_BIT_CONVERSION = YES;
				GCC_WARN_ABOUT_RETURN_TYPE = YES_ERROR;
				GCC_WARN_UNDECLARED_SELECTOR = YES;
				GCC_WARN_UNINITIALIZED_AUTOS = YES_AGGRESSIVE;
				GCC_WARN_UNUSED_FUNCTION = YES;
				GCC_WARN_UNUSED_VARIABLE = YES;
				IPHONEOS_DEPLOYMENT_TARGET = 15.0;
				MTL_ENABLE_DEBUG_INFO = INCLUDE_SOURCE;
				MTL_FAST_MATH = YES;
				ONLY_ACTIVE_ARCH = YES;
				PRODUCT_NAME = "";
				SDKROOT = iphoneos;
				SWIFT_ACTIVE_COMPILATION_CONDITIONS = DEBUG;
				SWIFT_OPTIMIZATION_LEVEL = "-Onone";
			};
			name = Debug;
		};
		73ADCBA527C32E77009C0499 /* Release */ = {
			isa = XCBuildConfiguration;
			buildSettings = {
				ALWAYS_SEARCH_USER_PATHS = NO;
				CLANG_ANALYZER_LOCALIZABILITY_NONLOCALIZED = YES;
				CLANG_ANALYZER_NONNULL = YES;
				CLANG_ANALYZER_NUMBER_OBJECT_CONVERSION = YES_AGGRESSIVE;
				CLANG_CXX_LANGUAGE_STANDARD = "gnu++17";
				CLANG_CXX_LIBRARY = "libc++";
				CLANG_ENABLE_MODULES = YES;
				CLANG_ENABLE_OBJC_ARC = YES;
				CLANG_ENABLE_OBJC_WEAK = YES;
				CLANG_WARN_BLOCK_CAPTURE_AUTORELEASING = YES;
				CLANG_WARN_BOOL_CONVERSION = YES;
				CLANG_WARN_COMMA = YES;
				CLANG_WARN_CONSTANT_CONVERSION = YES;
				CLANG_WARN_DEPRECATED_OBJC_IMPLEMENTATIONS = YES;
				CLANG_WARN_DIRECT_OBJC_ISA_USAGE = YES_ERROR;
				CLANG_WARN_DOCUMENTATION_COMMENTS = YES;
				CLANG_WARN_EMPTY_BODY = YES;
				CLANG_WARN_ENUM_CONVERSION = YES;
				CLANG_WARN_INFINITE_RECURSION = YES;
				CLANG_WARN_INT_CONVERSION = YES;
				CLANG_WARN_NON_LITERAL_NULL_CONVERSION = YES;
				CLANG_WARN_OBJC_IMPLICIT_RETAIN_SELF = YES;
				CLANG_WARN_OBJC_LITERAL_CONVERSION = YES;
				CLANG_WARN_OBJC_ROOT_CLASS = YES_ERROR;
				CLANG_WARN_QUOTED_INCLUDE_IN_FRAMEWORK_HEADER = YES;
				CLANG_WARN_RANGE_LOOP_ANALYSIS = YES;
				CLANG_WARN_STRICT_PROTOTYPES = YES;
				CLANG_WARN_SUSPICIOUS_MOVE = YES;
				CLANG_WARN_UNGUARDED_AVAILABILITY = YES_AGGRESSIVE;
				CLANG_WARN_UNREACHABLE_CODE = YES;
				CLANG_WARN__DUPLICATE_METHOD_MATCH = YES;
				COPY_PHASE_STRIP = NO;
				DEBUG_INFORMATION_FORMAT = "dwarf-with-dsym";
				ENABLE_NS_ASSERTIONS = NO;
				ENABLE_STRICT_OBJC_MSGSEND = YES;
				GCC_C_LANGUAGE_STANDARD = gnu11;
				GCC_NO_COMMON_BLOCKS = YES;
				GCC_WARN_64_TO_32_BIT_CONVERSION = YES;
				GCC_WARN_ABOUT_RETURN_TYPE = YES_ERROR;
				GCC_WARN_UNDECLARED_SELECTOR = YES;
				GCC_WARN_UNINITIALIZED_AUTOS = YES_AGGRESSIVE;
				GCC_WARN_UNUSED_FUNCTION = YES;
				GCC_WARN_UNUSED_VARIABLE = YES;
				IPHONEOS_DEPLOYMENT_TARGET = 15.0;
				MTL_ENABLE_DEBUG_INFO = NO;
				MTL_FAST_MATH = YES;
				PRODUCT_NAME = "";
				SDKROOT = iphoneos;
				SWIFT_COMPILATION_MODE = wholemodule;
				SWIFT_OPTIMIZATION_LEVEL = "-O";
				VALIDATE_PRODUCT = YES;
			};
			name = Release;
		};
		73ADCBA727C32E77009C0499 /* Debug */ = {
			isa = XCBuildConfiguration;
			buildSettings = {
				ASSETCATALOG_COMPILER_APPICON_NAME = AppIcon;
				ASSETCATALOG_COMPILER_GLOBAL_ACCENT_COLOR_NAME = AccentColor;
				CODE_SIGN_STYLE = Automatic;
				CURRENT_PROJECT_VERSION = 1;
				DEVELOPMENT_TEAM = 6Y9V523M6R;
				GENERATE_INFOPLIST_FILE = YES;
				INFOPLIST_FILE = PokerGame/Info.plist;
				INFOPLIST_KEY_UIApplicationSupportsIndirectInputEvents = YES;
				INFOPLIST_KEY_UILaunchStoryboardName = LaunchScreen;
				INFOPLIST_KEY_UIMainStoryboardFile = Main;
				INFOPLIST_KEY_UISupportedInterfaceOrientations_iPad = "UIInterfaceOrientationPortrait UIInterfaceOrientationPortraitUpsideDown UIInterfaceOrientationLandscapeLeft UIInterfaceOrientationLandscapeRight";
				INFOPLIST_KEY_UISupportedInterfaceOrientations_iPhone = "UIInterfaceOrientationPortrait UIInterfaceOrientationLandscapeLeft UIInterfaceOrientationLandscapeRight";
				LD_RUNPATH_SEARCH_PATHS = (
					"$(inherited)",
					"@executable_path/Frameworks",
				);
				MARKETING_VERSION = 1.0;
				PRODUCT_BUNDLE_IDENTIFIER = com.jihee.PokerGame;
				PRODUCT_NAME = "$(TARGET_NAME)";
				SWIFT_EMIT_LOC_STRINGS = YES;
				SWIFT_VERSION = 5.0;
				TARGETED_DEVICE_FAMILY = "1,2";
			};
			name = Debug;
		};
		73ADCBA827C32E77009C0499 /* Release */ = {
			isa = XCBuildConfiguration;
			buildSettings = {
				ASSETCATALOG_COMPILER_APPICON_NAME = AppIcon;
				ASSETCATALOG_COMPILER_GLOBAL_ACCENT_COLOR_NAME = AccentColor;
				CODE_SIGN_STYLE = Automatic;
				CURRENT_PROJECT_VERSION = 1;
				DEVELOPMENT_TEAM = 6Y9V523M6R;
				GENERATE_INFOPLIST_FILE = YES;
				INFOPLIST_FILE = PokerGame/Info.plist;
				INFOPLIST_KEY_UIApplicationSupportsIndirectInputEvents = YES;
				INFOPLIST_KEY_UILaunchStoryboardName = LaunchScreen;
				INFOPLIST_KEY_UIMainStoryboardFile = Main;
				INFOPLIST_KEY_UISupportedInterfaceOrientations_iPad = "UIInterfaceOrientationPortrait UIInterfaceOrientationPortraitUpsideDown UIInterfaceOrientationLandscapeLeft UIInterfaceOrientationLandscapeRight";
				INFOPLIST_KEY_UISupportedInterfaceOrientations_iPhone = "UIInterfaceOrientationPortrait UIInterfaceOrientationLandscapeLeft UIInterfaceOrientationLandscapeRight";
				LD_RUNPATH_SEARCH_PATHS = (
					"$(inherited)",
					"@executable_path/Frameworks",
				);
				MARKETING_VERSION = 1.0;
				PRODUCT_BUNDLE_IDENTIFIER = com.jihee.PokerGame;
				PRODUCT_NAME = "$(TARGET_NAME)";
				SWIFT_EMIT_LOC_STRINGS = YES;
				SWIFT_VERSION = 5.0;
				TARGETED_DEVICE_FAMILY = "1,2";
			};
			name = Release;
		};
/* End XCBuildConfiguration section */

/* Begin XCConfigurationList section */
		7347132B27C64B0A00468516 /* Build configuration list for PBXNativeTarget "PokerGameTests" */ = {
			isa = XCConfigurationList;
			buildConfigurations = (
				7347132C27C64B0A00468516 /* Debug */,
				7347132D27C64B0A00468516 /* Release */,
			);
			defaultConfigurationIsVisible = 0;
			defaultConfigurationName = Release;
		};
		73ADCB8D27C32E76009C0499 /* Build configuration list for PBXProject "PokerGame" */ = {
			isa = XCConfigurationList;
			buildConfigurations = (
				73ADCBA427C32E77009C0499 /* Debug */,
				73ADCBA527C32E77009C0499 /* Release */,
			);
			defaultConfigurationIsVisible = 0;
			defaultConfigurationName = Release;
		};
		73ADCBA627C32E77009C0499 /* Build configuration list for PBXNativeTarget "PokerGame" */ = {
			isa = XCConfigurationList;
			buildConfigurations = (
				73ADCBA727C32E77009C0499 /* Debug */,
				73ADCBA827C32E77009C0499 /* Release */,
			);
			defaultConfigurationIsVisible = 0;
			defaultConfigurationName = Release;
		};
/* End XCConfigurationList section */
	};
	rootObject = 73ADCB8A27C32E76009C0499 /* Project object */;
}
