// !$*UTF8*$!
{
	archiveVersion = 1;
	classes = {
	};
	objectVersion = 55;
	objects = {

/* Begin PBXBuildFile section */
		8D01892127C615F100FB57C1 /* Deck.swift in Sources */ = {isa = PBXBuildFile; fileRef = 8D01892027C615F100FB57C1 /* Deck.swift */; };
		8D6906E227C74E8900F78A51 /* DeckFactory.swift in Sources */ = {isa = PBXBuildFile; fileRef = 8D6906E127C74E8900F78A51 /* DeckFactory.swift */; };
		8D69074627C87B6A00F78A51 /* Dealer.swift in Sources */ = {isa = PBXBuildFile; fileRef = 8D69074527C87B6A00F78A51 /* Dealer.swift */; };
		8D69074827C87B7000F78A51 /* Player.swift in Sources */ = {isa = PBXBuildFile; fileRef = 8D69074727C87B7000F78A51 /* Player.swift */; };
		8D69075027C87BC200F78A51 /* DeckTest.swift in Sources */ = {isa = PBXBuildFile; fileRef = 8D69074F27C87BC200F78A51 /* DeckTest.swift */; };
		8D69076427C8FA8300F78A51 /* Game.swift in Sources */ = {isa = PBXBuildFile; fileRef = 8D69076327C8FA8300F78A51 /* Game.swift */; };
		8D69076627C9031000F78A51 /* RankOfHands.swift in Sources */ = {isa = PBXBuildFile; fileRef = 8D69076527C9031000F78A51 /* RankOfHands.swift */; };
		8D69076827C903F000F78A51 /* PlayerFactory.swift in Sources */ = {isa = PBXBuildFile; fileRef = 8D69076727C903F000F78A51 /* PlayerFactory.swift */; };
		8D69076E27CA37FD00F78A51 /* PlayerFactoryTest.swift in Sources */ = {isa = PBXBuildFile; fileRef = 8D69076D27CA37FD00F78A51 /* PlayerFactoryTest.swift */; };
		8D69077027CA3BCB00F78A51 /* PlayerMode.swift in Sources */ = {isa = PBXBuildFile; fileRef = 8D69076F27CA3BCB00F78A51 /* PlayerMode.swift */; };
		8D69077427CA4B1000F78A51 /* GameType.swift in Sources */ = {isa = PBXBuildFile; fileRef = 8D69077327CA4B1000F78A51 /* GameType.swift */; };
		8D69077627CAE25000F78A51 /* DealerTest.swift in Sources */ = {isa = PBXBuildFile; fileRef = 8D69077527CAE25000F78A51 /* DealerTest.swift */; };
		8D69077827CB1A9B00F78A51 /* GameTest.swift in Sources */ = {isa = PBXBuildFile; fileRef = 8D69077727CB1A9B00F78A51 /* GameTest.swift */; };
		8DB01A6927C4F29100B705E3 /* Card.swift in Sources */ = {isa = PBXBuildFile; fileRef = 8DB01A6827C4F29100B705E3 /* Card.swift */; };
		8DB8078427C3275100085063 /* AppDelegate.swift in Sources */ = {isa = PBXBuildFile; fileRef = 8DB8078327C3275100085063 /* AppDelegate.swift */; };
		8DB8078627C3275100085063 /* SceneDelegate.swift in Sources */ = {isa = PBXBuildFile; fileRef = 8DB8078527C3275100085063 /* SceneDelegate.swift */; };
		8DB8078827C3275100085063 /* ViewController.swift in Sources */ = {isa = PBXBuildFile; fileRef = 8DB8078727C3275100085063 /* ViewController.swift */; };
		8DB8078B27C3275100085063 /* Main.storyboard in Resources */ = {isa = PBXBuildFile; fileRef = 8DB8078927C3275100085063 /* Main.storyboard */; };
		8DB8078D27C3275300085063 /* Assets.xcassets in Resources */ = {isa = PBXBuildFile; fileRef = 8DB8078C27C3275300085063 /* Assets.xcassets */; };
		8DB8079027C3275300085063 /* LaunchScreen.storyboard in Resources */ = {isa = PBXBuildFile; fileRef = 8DB8078E27C3275300085063 /* LaunchScreen.storyboard */; };
		8DB8079927C32ED600085063 /* Image.swift in Sources */ = {isa = PBXBuildFile; fileRef = 8DB8079827C32ED600085063 /* Image.swift */; };
/* End PBXBuildFile section */

/* Begin PBXContainerItemProxy section */
		8D69075127C87BC200F78A51 /* PBXContainerItemProxy */ = {
			isa = PBXContainerItemProxy;
			containerPortal = 8DB8077827C3275100085063 /* Project object */;
			proxyType = 1;
			remoteGlobalIDString = 8DB8077F27C3275100085063;
			remoteInfo = PokerGame;
		};
/* End PBXContainerItemProxy section */

/* Begin PBXFileReference section */
		8D01892027C615F100FB57C1 /* Deck.swift */ = {isa = PBXFileReference; lastKnownFileType = sourcecode.swift; path = Deck.swift; sourceTree = "<group>"; };
		8D6906E127C74E8900F78A51 /* DeckFactory.swift */ = {isa = PBXFileReference; lastKnownFileType = sourcecode.swift; path = DeckFactory.swift; sourceTree = "<group>"; };
		8D69074527C87B6A00F78A51 /* Dealer.swift */ = {isa = PBXFileReference; lastKnownFileType = sourcecode.swift; path = Dealer.swift; sourceTree = "<group>"; };
		8D69074727C87B7000F78A51 /* Player.swift */ = {isa = PBXFileReference; lastKnownFileType = sourcecode.swift; path = Player.swift; sourceTree = "<group>"; };
		8D69074D27C87BC200F78A51 /* DeckTest.xctest */ = {isa = PBXFileReference; explicitFileType = wrapper.cfbundle; includeInIndex = 0; path = DeckTest.xctest; sourceTree = BUILT_PRODUCTS_DIR; };
		8D69074F27C87BC200F78A51 /* DeckTest.swift */ = {isa = PBXFileReference; lastKnownFileType = sourcecode.swift; path = DeckTest.swift; sourceTree = "<group>"; };
		8D69076327C8FA8300F78A51 /* Game.swift */ = {isa = PBXFileReference; lastKnownFileType = sourcecode.swift; path = Game.swift; sourceTree = "<group>"; };
		8D69076527C9031000F78A51 /* RankOfHands.swift */ = {isa = PBXFileReference; fileEncoding = 4; lastKnownFileType = sourcecode.swift; path = RankOfHands.swift; sourceTree = "<group>"; };
		8D69076727C903F000F78A51 /* PlayerFactory.swift */ = {isa = PBXFileReference; lastKnownFileType = sourcecode.swift; path = PlayerFactory.swift; sourceTree = "<group>"; };
		8D69076D27CA37FD00F78A51 /* PlayerFactoryTest.swift */ = {isa = PBXFileReference; lastKnownFileType = sourcecode.swift; path = PlayerFactoryTest.swift; sourceTree = "<group>"; };
		8D69076F27CA3BCB00F78A51 /* PlayerMode.swift */ = {isa = PBXFileReference; lastKnownFileType = sourcecode.swift; path = PlayerMode.swift; sourceTree = "<group>"; };
		8D69077327CA4B1000F78A51 /* GameType.swift */ = {isa = PBXFileReference; lastKnownFileType = sourcecode.swift; path = GameType.swift; sourceTree = "<group>"; };
		8D69077527CAE25000F78A51 /* DealerTest.swift */ = {isa = PBXFileReference; lastKnownFileType = sourcecode.swift; path = DealerTest.swift; sourceTree = "<group>"; };
		8D69077727CB1A9B00F78A51 /* GameTest.swift */ = {isa = PBXFileReference; lastKnownFileType = sourcecode.swift; path = GameTest.swift; sourceTree = "<group>"; };
		8DB01A6827C4F29100B705E3 /* Card.swift */ = {isa = PBXFileReference; lastKnownFileType = sourcecode.swift; path = Card.swift; sourceTree = "<group>"; };
		8DB8078027C3275100085063 /* PokerGame.app */ = {isa = PBXFileReference; explicitFileType = wrapper.application; includeInIndex = 0; path = PokerGame.app; sourceTree = BUILT_PRODUCTS_DIR; };
		8DB8078327C3275100085063 /* AppDelegate.swift */ = {isa = PBXFileReference; lastKnownFileType = sourcecode.swift; path = AppDelegate.swift; sourceTree = "<group>"; };
		8DB8078527C3275100085063 /* SceneDelegate.swift */ = {isa = PBXFileReference; lastKnownFileType = sourcecode.swift; path = SceneDelegate.swift; sourceTree = "<group>"; };
		8DB8078727C3275100085063 /* ViewController.swift */ = {isa = PBXFileReference; lastKnownFileType = sourcecode.swift; path = ViewController.swift; sourceTree = "<group>"; };
		8DB8078A27C3275100085063 /* Base */ = {isa = PBXFileReference; lastKnownFileType = file.storyboard; name = Base; path = Base.lproj/Main.storyboard; sourceTree = "<group>"; };
		8DB8078C27C3275300085063 /* Assets.xcassets */ = {isa = PBXFileReference; lastKnownFileType = folder.assetcatalog; path = Assets.xcassets; sourceTree = "<group>"; };
		8DB8078F27C3275300085063 /* Base */ = {isa = PBXFileReference; lastKnownFileType = file.storyboard; name = Base; path = Base.lproj/LaunchScreen.storyboard; sourceTree = "<group>"; };
		8DB8079127C3275300085063 /* Info.plist */ = {isa = PBXFileReference; lastKnownFileType = text.plist.xml; path = Info.plist; sourceTree = "<group>"; };
		8DB8079827C32ED600085063 /* Image.swift */ = {isa = PBXFileReference; lastKnownFileType = sourcecode.swift; path = Image.swift; sourceTree = "<group>"; };
/* End PBXFileReference section */

/* Begin PBXFrameworksBuildPhase section */
		8D69074A27C87BC200F78A51 /* Frameworks */ = {
			isa = PBXFrameworksBuildPhase;
			buildActionMask = 2147483647;
			files = (
			);
			runOnlyForDeploymentPostprocessing = 0;
		};
		8DB8077D27C3275100085063 /* Frameworks */ = {
			isa = PBXFrameworksBuildPhase;
			buildActionMask = 2147483647;
			files = (
			);
			runOnlyForDeploymentPostprocessing = 0;
		};
/* End PBXFrameworksBuildPhase section */

/* Begin PBXGroup section */
		8D69073F27C87B1A00F78A51 /* View */ = {
			isa = PBXGroup;
			children = (
				8DB8079827C32ED600085063 /* Image.swift */,
			);
			path = View;
			sourceTree = "<group>";
		};
		8D69074027C87B2600F78A51 /* GameMaterial */ = {
			isa = PBXGroup;
			children = (
				8D01892027C615F100FB57C1 /* Deck.swift */,
				8DB01A6827C4F29100B705E3 /* Card.swift */,
				8D69076527C9031000F78A51 /* RankOfHands.swift */,
				8D69077327CA4B1000F78A51 /* GameType.swift */,
			);
			path = GameMaterial;
			sourceTree = "<group>";
		};
		8D69074127C87B3600F78A51 /* Factory */ = {
			isa = PBXGroup;
			children = (
				8D6906E127C74E8900F78A51 /* DeckFactory.swift */,
				8D69076727C903F000F78A51 /* PlayerFactory.swift */,
			);
			path = Factory;
			sourceTree = "<group>";
		};
		8D69074427C87B5F00F78A51 /* People */ = {
			isa = PBXGroup;
			children = (
				8D69074527C87B6A00F78A51 /* Dealer.swift */,
				8D69074727C87B7000F78A51 /* Player.swift */,
				8D69076F27CA3BCB00F78A51 /* PlayerMode.swift */,
			);
			path = People;
			sourceTree = "<group>";
		};
		8D69074E27C87BC200F78A51 /* PokerGameTest */ = {
			isa = PBXGroup;
			children = (
				8D69076D27CA37FD00F78A51 /* PlayerFactoryTest.swift */,
				8D69074F27C87BC200F78A51 /* DeckTest.swift */,
				8D69077527CAE25000F78A51 /* DealerTest.swift */,
				8D69077727CB1A9B00F78A51 /* GameTest.swift */,
			);
			path = PokerGameTest;
			sourceTree = "<group>";
		};
		8DB8077727C3275100085063 = {
			isa = PBXGroup;
			children = (
				8DB8078227C3275100085063 /* PokerGame */,
				8D69074E27C87BC200F78A51 /* PokerGameTest */,
				8DB8078127C3275100085063 /* Products */,
			);
			sourceTree = "<group>";
		};
		8DB8078127C3275100085063 /* Products */ = {
			isa = PBXGroup;
			children = (
				8DB8078027C3275100085063 /* PokerGame.app */,
				8D69074D27C87BC200F78A51 /* DeckTest.xctest */,
			);
			name = Products;
			sourceTree = "<group>";
		};
		8DB8078227C3275100085063 /* PokerGame */ = {
			isa = PBXGroup;
			children = (
				8DB8078727C3275100085063 /* ViewController.swift */,
				8D69076327C8FA8300F78A51 /* Game.swift */,
				8D69074427C87B5F00F78A51 /* People */,
				8D69074027C87B2600F78A51 /* GameMaterial */,
				8D69074127C87B3600F78A51 /* Factory */,
				8D69073F27C87B1A00F78A51 /* View */,
				8DB8078927C3275100085063 /* Main.storyboard */,
				8DB8079127C3275300085063 /* Info.plist */,
				8DB8079727C3276100085063 /* Supporting Files */,
			);
			path = PokerGame;
			sourceTree = "<group>";
		};
		8DB8079727C3276100085063 /* Supporting Files */ = {
			isa = PBXGroup;
			children = (
				8DB8078327C3275100085063 /* AppDelegate.swift */,
				8DB8078527C3275100085063 /* SceneDelegate.swift */,
				8DB8078E27C3275300085063 /* LaunchScreen.storyboard */,
				8DB8078C27C3275300085063 /* Assets.xcassets */,
			);
			path = "Supporting Files";
			sourceTree = "<group>";
		};
/* End PBXGroup section */

/* Begin PBXNativeTarget section */
		8D69074C27C87BC200F78A51 /* DeckTest */ = {
			isa = PBXNativeTarget;
			buildConfigurationList = 8D69075327C87BC200F78A51 /* Build configuration list for PBXNativeTarget "DeckTest" */;
			buildPhases = (
				8D69074927C87BC200F78A51 /* Sources */,
				8D69074A27C87BC200F78A51 /* Frameworks */,
				8D69074B27C87BC200F78A51 /* Resources */,
			);
			buildRules = (
			);
			dependencies = (
				8D69075227C87BC200F78A51 /* PBXTargetDependency */,
			);
			name = DeckTest;
			productName = DeckTest;
			productReference = 8D69074D27C87BC200F78A51 /* DeckTest.xctest */;
			productType = "com.apple.product-type.bundle.unit-test";
		};
		8DB8077F27C3275100085063 /* PokerGame */ = {
			isa = PBXNativeTarget;
			buildConfigurationList = 8DB8079427C3275300085063 /* Build configuration list for PBXNativeTarget "PokerGame" */;
			buildPhases = (
				8DB8077C27C3275100085063 /* Sources */,
				8DB8077D27C3275100085063 /* Frameworks */,
				8DB8077E27C3275100085063 /* Resources */,
			);
			buildRules = (
			);
			dependencies = (
			);
			name = PokerGame;
			productName = PokerGame;
			productReference = 8DB8078027C3275100085063 /* PokerGame.app */;
			productType = "com.apple.product-type.application";
		};
/* End PBXNativeTarget section */

/* Begin PBXProject section */
		8DB8077827C3275100085063 /* Project object */ = {
			isa = PBXProject;
			attributes = {
				BuildIndependentTargetsInParallel = 1;
				LastSwiftUpdateCheck = 1320;
				LastUpgradeCheck = 1320;
				TargetAttributes = {
					8D69074C27C87BC200F78A51 = {
						CreatedOnToolsVersion = 13.2.1;
						TestTargetID = 8DB8077F27C3275100085063;
					};
					8DB8077F27C3275100085063 = {
						CreatedOnToolsVersion = 13.2.1;
					};
				};
			};
			buildConfigurationList = 8DB8077B27C3275100085063 /* Build configuration list for PBXProject "PokerGame" */;
			compatibilityVersion = "Xcode 13.0";
			developmentRegion = en;
			hasScannedForEncodings = 0;
			knownRegions = (
				en,
				Base,
			);
			mainGroup = 8DB8077727C3275100085063;
			productRefGroup = 8DB8078127C3275100085063 /* Products */;
			projectDirPath = "";
			projectRoot = "";
			targets = (
				8DB8077F27C3275100085063 /* PokerGame */,
				8D69074C27C87BC200F78A51 /* DeckTest */,
			);
		};
/* End PBXProject section */

/* Begin PBXResourcesBuildPhase section */
		8D69074B27C87BC200F78A51 /* Resources */ = {
			isa = PBXResourcesBuildPhase;
			buildActionMask = 2147483647;
			files = (
			);
			runOnlyForDeploymentPostprocessing = 0;
		};
		8DB8077E27C3275100085063 /* Resources */ = {
			isa = PBXResourcesBuildPhase;
			buildActionMask = 2147483647;
			files = (
				8DB8079027C3275300085063 /* LaunchScreen.storyboard in Resources */,
				8DB8078D27C3275300085063 /* Assets.xcassets in Resources */,
				8DB8078B27C3275100085063 /* Main.storyboard in Resources */,
			);
			runOnlyForDeploymentPostprocessing = 0;
		};
/* End PBXResourcesBuildPhase section */

/* Begin PBXSourcesBuildPhase section */
		8D69074927C87BC200F78A51 /* Sources */ = {
			isa = PBXSourcesBuildPhase;
			buildActionMask = 2147483647;
			files = (
				8D69077627CAE25000F78A51 /* DealerTest.swift in Sources */,
				8D69075027C87BC200F78A51 /* DeckTest.swift in Sources */,
				8D69076E27CA37FD00F78A51 /* PlayerFactoryTest.swift in Sources */,
				8D69077827CB1A9B00F78A51 /* GameTest.swift in Sources */,
			);
			runOnlyForDeploymentPostprocessing = 0;
		};
		8DB8077C27C3275100085063 /* Sources */ = {
			isa = PBXSourcesBuildPhase;
			buildActionMask = 2147483647;
			files = (
				8D6906E227C74E8900F78A51 /* DeckFactory.swift in Sources */,
				8D01892127C615F100FB57C1 /* Deck.swift in Sources */,
				8D69077027CA3BCB00F78A51 /* PlayerMode.swift in Sources */,
				8D69076627C9031000F78A51 /* RankOfHands.swift in Sources */,
				8D69076827C903F000F78A51 /* PlayerFactory.swift in Sources */,
				8D69074627C87B6A00F78A51 /* Dealer.swift in Sources */,
				8DB8078827C3275100085063 /* ViewController.swift in Sources */,
				8DB8079927C32ED600085063 /* Image.swift in Sources */,
				8D69076427C8FA8300F78A51 /* Game.swift in Sources */,
				8D69077427CA4B1000F78A51 /* GameType.swift in Sources */,
				8DB8078427C3275100085063 /* AppDelegate.swift in Sources */,
				8DB8078627C3275100085063 /* SceneDelegate.swift in Sources */,
				8D69074827C87B7000F78A51 /* Player.swift in Sources */,
				8DB01A6927C4F29100B705E3 /* Card.swift in Sources */,
			);
			runOnlyForDeploymentPostprocessing = 0;
		};
/* End PBXSourcesBuildPhase section */

/* Begin PBXTargetDependency section */
		8D69075227C87BC200F78A51 /* PBXTargetDependency */ = {
			isa = PBXTargetDependency;
			target = 8DB8077F27C3275100085063 /* PokerGame */;
			targetProxy = 8D69075127C87BC200F78A51 /* PBXContainerItemProxy */;
		};
/* End PBXTargetDependency section */

/* Begin PBXVariantGroup section */
		8DB8078927C3275100085063 /* Main.storyboard */ = {
			isa = PBXVariantGroup;
			children = (
				8DB8078A27C3275100085063 /* Base */,
			);
			name = Main.storyboard;
			sourceTree = "<group>";
		};
		8DB8078E27C3275300085063 /* LaunchScreen.storyboard */ = {
			isa = PBXVariantGroup;
			children = (
				8DB8078F27C3275300085063 /* Base */,
			);
			name = LaunchScreen.storyboard;
			sourceTree = "<group>";
		};
/* End PBXVariantGroup section */

/* Begin XCBuildConfiguration section */
		8D69075427C87BC200F78A51 /* Debug */ = {
			isa = XCBuildConfiguration;
			buildSettings = {
				BUNDLE_LOADER = "$(TEST_HOST)";
				CODE_SIGN_STYLE = Automatic;
				CURRENT_PROJECT_VERSION = 1;
				DEVELOPMENT_TEAM = N6KUR9465F;
				GENERATE_INFOPLIST_FILE = YES;
				MARKETING_VERSION = 1.0;
				PRODUCT_BUNDLE_IDENTIFIER = com.SeobJin.DeckTest;
				PRODUCT_NAME = "$(TARGET_NAME)";
				SWIFT_EMIT_LOC_STRINGS = NO;
				SWIFT_VERSION = 5.0;
				TARGETED_DEVICE_FAMILY = "1,2";
				TEST_HOST = "$(BUILT_PRODUCTS_DIR)/PokerGame.app/PokerGame";
			};
			name = Debug;
		};
		8D69075527C87BC200F78A51 /* Release */ = {
			isa = XCBuildConfiguration;
			buildSettings = {
				BUNDLE_LOADER = "$(TEST_HOST)";
				CODE_SIGN_STYLE = Automatic;
				CURRENT_PROJECT_VERSION = 1;
				DEVELOPMENT_TEAM = N6KUR9465F;
				GENERATE_INFOPLIST_FILE = YES;
				MARKETING_VERSION = 1.0;
				PRODUCT_BUNDLE_IDENTIFIER = com.SeobJin.DeckTest;
				PRODUCT_NAME = "$(TARGET_NAME)";
				SWIFT_EMIT_LOC_STRINGS = NO;
				SWIFT_VERSION = 5.0;
				TARGETED_DEVICE_FAMILY = "1,2";
				TEST_HOST = "$(BUILT_PRODUCTS_DIR)/PokerGame.app/PokerGame";
			};
			name = Release;
		};
		8DB8079227C3275300085063 /* Debug */ = {
			isa = XCBuildConfiguration;
			buildSettings = {
				ALWAYS_SEARCH_USER_PATHS = NO;
				CLANG_ANALYZER_NONNULL = YES;
				CLANG_ANALYZER_NUMBER_OBJECT_CONVERSION = YES_AGGRESSIVE;
				CLANG_CXX_LANGUAGE_STANDARD = "gnu++17";
				CLANG_CXX_LIBRARY = "libc++";
				CLANG_ENABLE_MODULES = YES;
				CLANG_ENABLE_OBJC_ARC = YES;
				CLANG_ENABLE_OBJC_WEAK = YES;
				CLANG_WARN_BLOCK_CAPTURE_AUTORELEASING = YES;
				CLANG_WARN_BOOL_CONVERSION = YES;
				CLANG_WARN_COMMA = YES;
				CLANG_WARN_CONSTANT_CONVERSION = YES;
				CLANG_WARN_DEPRECATED_OBJC_IMPLEMENTATIONS = YES;
				CLANG_WARN_DIRECT_OBJC_ISA_USAGE = YES_ERROR;
				CLANG_WARN_DOCUMENTATION_COMMENTS = YES;
				CLANG_WARN_EMPTY_BODY = YES;
				CLANG_WARN_ENUM_CONVERSION = YES;
				CLANG_WARN_INFINITE_RECURSION = YES;
				CLANG_WARN_INT_CONVERSION = YES;
				CLANG_WARN_NON_LITERAL_NULL_CONVERSION = YES;
				CLANG_WARN_OBJC_IMPLICIT_RETAIN_SELF = YES;
				CLANG_WARN_OBJC_LITERAL_CONVERSION = YES;
				CLANG_WARN_OBJC_ROOT_CLASS = YES_ERROR;
				CLANG_WARN_QUOTED_INCLUDE_IN_FRAMEWORK_HEADER = YES;
				CLANG_WARN_RANGE_LOOP_ANALYSIS = YES;
				CLANG_WARN_STRICT_PROTOTYPES = YES;
				CLANG_WARN_SUSPICIOUS_MOVE = YES;
				CLANG_WARN_UNGUARDED_AVAILABILITY = YES_AGGRESSIVE;
				CLANG_WARN_UNREACHABLE_CODE = YES;
				CLANG_WARN__DUPLICATE_METHOD_MATCH = YES;
				COPY_PHASE_STRIP = NO;
				DEBUG_INFORMATION_FORMAT = dwarf;
				ENABLE_STRICT_OBJC_MSGSEND = YES;
				ENABLE_TESTABILITY = YES;
				GCC_C_LANGUAGE_STANDARD = gnu11;
				GCC_DYNAMIC_NO_PIC = NO;
				GCC_NO_COMMON_BLOCKS = YES;
				GCC_OPTIMIZATION_LEVEL = 0;
				GCC_PREPROCESSOR_DEFINITIONS = (
					"DEBUG=1",
					"$(inherited)",
				);
				GCC_WARN_64_TO_32_BIT_CONVERSION = YES;
				GCC_WARN_ABOUT_RETURN_TYPE = YES_ERROR;
				GCC_WARN_UNDECLARED_SELECTOR = YES;
				GCC_WARN_UNINITIALIZED_AUTOS = YES_AGGRESSIVE;
				GCC_WARN_UNUSED_FUNCTION = YES;
				GCC_WARN_UNUSED_VARIABLE = YES;
				INFOPLIST_KEY_CFBundleDisplayName = PokerPoker;
				IPHONEOS_DEPLOYMENT_TARGET = 15.2;
				MTL_ENABLE_DEBUG_INFO = INCLUDE_SOURCE;
				MTL_FAST_MATH = YES;
				ONLY_ACTIVE_ARCH = YES;
				SDKROOT = iphoneos;
				SWIFT_ACTIVE_COMPILATION_CONDITIONS = DEBUG;
				SWIFT_OPTIMIZATION_LEVEL = "-Onone";
			};
			name = Debug;
		};
		8DB8079327C3275300085063 /* Release */ = {
			isa = XCBuildConfiguration;
			buildSettings = {
				ALWAYS_SEARCH_USER_PATHS = NO;
				CLANG_ANALYZER_NONNULL = YES;
				CLANG_ANALYZER_NUMBER_OBJECT_CONVERSION = YES_AGGRESSIVE;
				CLANG_CXX_LANGUAGE_STANDARD = "gnu++17";
				CLANG_CXX_LIBRARY = "libc++";
				CLANG_ENABLE_MODULES = YES;
				CLANG_ENABLE_OBJC_ARC = YES;
				CLANG_ENABLE_OBJC_WEAK = YES;
				CLANG_WARN_BLOCK_CAPTURE_AUTORELEASING = YES;
				CLANG_WARN_BOOL_CONVERSION = YES;
				CLANG_WARN_COMMA = YES;
				CLANG_WARN_CONSTANT_CONVERSION = YES;
				CLANG_WARN_DEPRECATED_OBJC_IMPLEMENTATIONS = YES;
				CLANG_WARN_DIRECT_OBJC_ISA_USAGE = YES_ERROR;
				CLANG_WARN_DOCUMENTATION_COMMENTS = YES;
				CLANG_WARN_EMPTY_BODY = YES;
				CLANG_WARN_ENUM_CONVERSION = YES;
				CLANG_WARN_INFINITE_RECURSION = YES;
				CLANG_WARN_INT_CONVERSION = YES;
				CLANG_WARN_NON_LITERAL_NULL_CONVERSION = YES;
				CLANG_WARN_OBJC_IMPLICIT_RETAIN_SELF = YES;
				CLANG_WARN_OBJC_LITERAL_CONVERSION = YES;
				CLANG_WARN_OBJC_ROOT_CLASS = YES_ERROR;
				CLANG_WARN_QUOTED_INCLUDE_IN_FRAMEWORK_HEADER = YES;
				CLANG_WARN_RANGE_LOOP_ANALYSIS = YES;
				CLANG_WARN_STRICT_PROTOTYPES = YES;
				CLANG_WARN_SUSPICIOUS_MOVE = YES;
				CLANG_WARN_UNGUARDED_AVAILABILITY = YES_AGGRESSIVE;
				CLANG_WARN_UNREACHABLE_CODE = YES;
				CLANG_WARN__DUPLICATE_METHOD_MATCH = YES;
				COPY_PHASE_STRIP = NO;
				DEBUG_INFORMATION_FORMAT = "dwarf-with-dsym";
				ENABLE_NS_ASSERTIONS = NO;
				ENABLE_STRICT_OBJC_MSGSEND = YES;
				GCC_C_LANGUAGE_STANDARD = gnu11;
				GCC_NO_COMMON_BLOCKS = YES;
				GCC_WARN_64_TO_32_BIT_CONVERSION = YES;
				GCC_WARN_ABOUT_RETURN_TYPE = YES_ERROR;
				GCC_WARN_UNDECLARED_SELECTOR = YES;
				GCC_WARN_UNINITIALIZED_AUTOS = YES_AGGRESSIVE;
				GCC_WARN_UNUSED_FUNCTION = YES;
				GCC_WARN_UNUSED_VARIABLE = YES;
				INFOPLIST_KEY_CFBundleDisplayName = PokerPoker;
				IPHONEOS_DEPLOYMENT_TARGET = 15.2;
				MTL_ENABLE_DEBUG_INFO = NO;
				MTL_FAST_MATH = YES;
				SDKROOT = iphoneos;
				SWIFT_COMPILATION_MODE = wholemodule;
				SWIFT_OPTIMIZATION_LEVEL = "-O";
				VALIDATE_PRODUCT = YES;
			};
			name = Release;
		};
		8DB8079527C3275300085063 /* Debug */ = {
			isa = XCBuildConfiguration;
			buildSettings = {
				ASSETCATALOG_COMPILER_APPICON_NAME = AppIcon;
				ASSETCATALOG_COMPILER_GLOBAL_ACCENT_COLOR_NAME = AccentColor;
				CODE_SIGN_STYLE = Automatic;
				CURRENT_PROJECT_VERSION = 1;
				DEVELOPMENT_TEAM = N6KUR9465F;
				GENERATE_INFOPLIST_FILE = YES;
				INFOPLIST_FILE = PokerGame/Info.plist;
				INFOPLIST_KEY_CFBundleDisplayName = PokerPoker;
				INFOPLIST_KEY_UIApplicationSupportsIndirectInputEvents = YES;
				INFOPLIST_KEY_UILaunchStoryboardName = LaunchScreen;
				INFOPLIST_KEY_UIMainStoryboardFile = Main;
				INFOPLIST_KEY_UIStatusBarHidden = NO;
				INFOPLIST_KEY_UISupportedInterfaceOrientations_iPad = "UIInterfaceOrientationPortrait UIInterfaceOrientationPortraitUpsideDown UIInterfaceOrientationLandscapeLeft UIInterfaceOrientationLandscapeRight";
				INFOPLIST_KEY_UISupportedInterfaceOrientations_iPhone = "UIInterfaceOrientationPortrait UIInterfaceOrientationLandscapeLeft UIInterfaceOrientationLandscapeRight";
				LD_RUNPATH_SEARCH_PATHS = (
					"$(inherited)",
					"@executable_path/Frameworks",
				);
				MARKETING_VERSION = 1.0;
				PRODUCT_BUNDLE_IDENTIFIER = com.SeobJin.PokerGame;
				PRODUCT_NAME = "$(TARGET_NAME)";
				SWIFT_EMIT_LOC_STRINGS = YES;
				SWIFT_VERSION = 5.0;
				TARGETED_DEVICE_FAMILY = "1,2";
			};
			name = Debug;
		};
		8DB8079627C3275300085063 /* Release */ = {
			isa = XCBuildConfiguration;
			buildSettings = {
				ASSETCATALOG_COMPILER_APPICON_NAME = AppIcon;
				ASSETCATALOG_COMPILER_GLOBAL_ACCENT_COLOR_NAME = AccentColor;
				CODE_SIGN_STYLE = Automatic;
				CURRENT_PROJECT_VERSION = 1;
				DEVELOPMENT_TEAM = N6KUR9465F;
				GENERATE_INFOPLIST_FILE = YES;
				INFOPLIST_FILE = PokerGame/Info.plist;
				INFOPLIST_KEY_CFBundleDisplayName = PokerPoker;
				INFOPLIST_KEY_UIApplicationSupportsIndirectInputEvents = YES;
				INFOPLIST_KEY_UILaunchStoryboardName = LaunchScreen;
				INFOPLIST_KEY_UIMainStoryboardFile = Main;
				INFOPLIST_KEY_UIStatusBarHidden = NO;
				INFOPLIST_KEY_UISupportedInterfaceOrientations_iPad = "UIInterfaceOrientationPortrait UIInterfaceOrientationPortraitUpsideDown UIInterfaceOrientationLandscapeLeft UIInterfaceOrientationLandscapeRight";
				INFOPLIST_KEY_UISupportedInterfaceOrientations_iPhone = "UIInterfaceOrientationPortrait UIInterfaceOrientationLandscapeLeft UIInterfaceOrientationLandscapeRight";
				LD_RUNPATH_SEARCH_PATHS = (
					"$(inherited)",
					"@executable_path/Frameworks",
				);
				MARKETING_VERSION = 1.0;
				PRODUCT_BUNDLE_IDENTIFIER = com.SeobJin.PokerGame;
				PRODUCT_NAME = "$(TARGET_NAME)";
				SWIFT_EMIT_LOC_STRINGS = YES;
				SWIFT_VERSION = 5.0;
				TARGETED_DEVICE_FAMILY = "1,2";
			};
			name = Release;
		};
/* End XCBuildConfiguration section */

/* Begin XCConfigurationList section */
		8D69075327C87BC200F78A51 /* Build configuration list for PBXNativeTarget "DeckTest" */ = {
			isa = XCConfigurationList;
			buildConfigurations = (
				8D69075427C87BC200F78A51 /* Debug */,
				8D69075527C87BC200F78A51 /* Release */,
			);
			defaultConfigurationIsVisible = 0;
			defaultConfigurationName = Release;
		};
		8DB8077B27C3275100085063 /* Build configuration list for PBXProject "PokerGame" */ = {
			isa = XCConfigurationList;
			buildConfigurations = (
				8DB8079227C3275300085063 /* Debug */,
				8DB8079327C3275300085063 /* Release */,
			);
			defaultConfigurationIsVisible = 0;
			defaultConfigurationName = Release;
		};
		8DB8079427C3275300085063 /* Build configuration list for PBXNativeTarget "PokerGame" */ = {
			isa = XCConfigurationList;
			buildConfigurations = (
				8DB8079527C3275300085063 /* Debug */,
				8DB8079627C3275300085063 /* Release */,
			);
			defaultConfigurationIsVisible = 0;
			defaultConfigurationName = Release;
		};
/* End XCConfigurationList section */
	};
	rootObject = 8DB8077827C3275100085063 /* Project object */;
}
